// !$*UTF8*$!
{
	archiveVersion = 1;
	classes = {
	};
	objectVersion = 56;
	objects = {

/* Begin PBXBuildFile section */
		12090F082ACDE04E009D03FC /* UIViewController+Puller.swift in Sources */ = {isa = PBXBuildFile; fileRef = 12090F072ACDE04E009D03FC /* UIViewController+Puller.swift */; };
		12090F0A2ACDE08D009D03FC /* CRMButton.swift in Sources */ = {isa = PBXBuildFile; fileRef = 12090F092ACDE08D009D03FC /* CRMButton.swift */; };
		12090F0C2ACDE0A8009D03FC /* CRMRadioButton.swift in Sources */ = {isa = PBXBuildFile; fileRef = 12090F0B2ACDE0A8009D03FC /* CRMRadioButton.swift */; };
		12090F0F2ACDE0C6009D03FC /* CRMTextFieldContainer.swift in Sources */ = {isa = PBXBuildFile; fileRef = 12090F0E2ACDE0C6009D03FC /* CRMTextFieldContainer.swift */; };
		12090F122ACDE0E8009D03FC /* CRMNavigationBar.swift in Sources */ = {isa = PBXBuildFile; fileRef = 12090F112ACDE0E8009D03FC /* CRMNavigationBar.swift */; };
		12090F142ACDE0FF009D03FC /* CRMToolBar.swift in Sources */ = {isa = PBXBuildFile; fileRef = 12090F132ACDE0FF009D03FC /* CRMToolBar.swift */; };
		12090F172ACDE144009D03FC /* StickyHeaderViewController.swift in Sources */ = {isa = PBXBuildFile; fileRef = 12090F162ACDE144009D03FC /* StickyHeaderViewController.swift */; };
		12090F192ACDE162009D03FC /* CRMTabBarController.swift in Sources */ = {isa = PBXBuildFile; fileRef = 12090F182ACDE162009D03FC /* CRMTabBarController.swift */; };
		12090F1B2ACDE180009D03FC /* CRMNavigationControllerConfigurable.swift in Sources */ = {isa = PBXBuildFile; fileRef = 12090F1A2ACDE180009D03FC /* CRMNavigationControllerConfigurable.swift */; };
		12090F1D2ACDE195009D03FC /* CRMNavigationController.swift in Sources */ = {isa = PBXBuildFile; fileRef = 12090F1C2ACDE195009D03FC /* CRMNavigationController.swift */; };
		12090F202ACDE1BC009D03FC /* TabContainerViewController.swift in Sources */ = {isa = PBXBuildFile; fileRef = 12090F1F2ACDE1BC009D03FC /* TabContainerViewController.swift */; };
		12090F222ACDE1D5009D03FC /* TabControl.swift in Sources */ = {isa = PBXBuildFile; fileRef = 12090F212ACDE1D5009D03FC /* TabControl.swift */; };
		12090F242ACDE1F0009D03FC /* TabButton.swift in Sources */ = {isa = PBXBuildFile; fileRef = 12090F232ACDE1F0009D03FC /* TabButton.swift */; };
		12090F262ACDE205009D03FC /* TabItemModel.swift in Sources */ = {isa = PBXBuildFile; fileRef = 12090F252ACDE205009D03FC /* TabItemModel.swift */; };
		12090F2A2ACDE241009D03FC /* PullerViewController.swift in Sources */ = {isa = PBXBuildFile; fileRef = 12090F292ACDE241009D03FC /* PullerViewController.swift */; };
		12090F2C2ACDE260009D03FC /* PullerListTableViewController.swift in Sources */ = {isa = PBXBuildFile; fileRef = 12090F2B2ACDE260009D03FC /* PullerListTableViewController.swift */; };
		12090F2E2ACDE27A009D03FC /* PullerListViewController.swift in Sources */ = {isa = PBXBuildFile; fileRef = 12090F2D2ACDE27A009D03FC /* PullerListViewController.swift */; };
		12090F302ACDE299009D03FC /* UIViewController+PullerStructure.swift in Sources */ = {isa = PBXBuildFile; fileRef = 12090F2F2ACDE299009D03FC /* UIViewController+PullerStructure.swift */; };
		12090F332ACDE2CB009D03FC /* GradientView.swift in Sources */ = {isa = PBXBuildFile; fileRef = 12090F322ACDE2CB009D03FC /* GradientView.swift */; };
		12D1FAD32AF2C11A00BD9FF0 /* ChartView.swift in Sources */ = {isa = PBXBuildFile; fileRef = 12D1FAD22AF2C11A00BD9FF0 /* ChartView.swift */; };
		12D1FAD52AF2C13700BD9FF0 /* ChartView+ChartType.swift in Sources */ = {isa = PBXBuildFile; fileRef = 12D1FAD42AF2C13700BD9FF0 /* ChartView+ChartType.swift */; };
		12D1FAD92AF2C18400BD9FF0 /* ChartSummaryDataProviderProtocol.swift in Sources */ = {isa = PBXBuildFile; fileRef = 12D1FAD82AF2C18400BD9FF0 /* ChartSummaryDataProviderProtocol.swift */; };
		12D1FADB2AF2C19B00BD9FF0 /* ChartTableLegendDataProviderProtocol.swift in Sources */ = {isa = PBXBuildFile; fileRef = 12D1FADA2AF2C19B00BD9FF0 /* ChartTableLegendDataProviderProtocol.swift */; };
		12D1FADD2AF2C1D600BD9FF0 /* ChartPointsProviderProtocol.swift in Sources */ = {isa = PBXBuildFile; fileRef = 12D1FADC2AF2C1D600BD9FF0 /* ChartPointsProviderProtocol.swift */; };
		12D1FADF2AF2C1EC00BD9FF0 /* ChartHorizontalAxisDataProviderProtocol.swift in Sources */ = {isa = PBXBuildFile; fileRef = 12D1FADE2AF2C1EC00BD9FF0 /* ChartHorizontalAxisDataProviderProtocol.swift */; };
		12D1FAE12AF2C1FF00BD9FF0 /* ChartTableDataProviderProtocol.swift in Sources */ = {isa = PBXBuildFile; fileRef = 12D1FAE02AF2C1FF00BD9FF0 /* ChartTableDataProviderProtocol.swift */; };
		12D1FAE32AF2C21800BD9FF0 /* ChartPercentageDataProviderProtocol.swift in Sources */ = {isa = PBXBuildFile; fileRef = 12D1FAE22AF2C21800BD9FF0 /* ChartPercentageDataProviderProtocol.swift */; };
		12D1FAE52AF2C22C00BD9FF0 /* ChartVerticalAxisDataProviderProtocol.swift in Sources */ = {isa = PBXBuildFile; fileRef = 12D1FAE42AF2C22C00BD9FF0 /* ChartVerticalAxisDataProviderProtocol.swift */; };
		12D1FAE72AF2C25400BD9FF0 /* ChartDataProviderProtocol.swift in Sources */ = {isa = PBXBuildFile; fileRef = 12D1FAE62AF2C25400BD9FF0 /* ChartDataProviderProtocol.swift */; };
		12D1FAE92AF2C27D00BD9FF0 /* BarChartDataProvider.swift in Sources */ = {isa = PBXBuildFile; fileRef = 12D1FAE82AF2C27D00BD9FF0 /* BarChartDataProvider.swift */; };
		12D1FAEB2AF2C29200BD9FF0 /* TableChartDataProvider.swift in Sources */ = {isa = PBXBuildFile; fileRef = 12D1FAEA2AF2C29200BD9FF0 /* TableChartDataProvider.swift */; };
		12D1FAED2AF2C2AB00BD9FF0 /* PieChartDataProvider.swift in Sources */ = {isa = PBXBuildFile; fileRef = 12D1FAEC2AF2C2AB00BD9FF0 /* PieChartDataProvider.swift */; };
		12D1FAEF2AF2C2BF00BD9FF0 /* LineChartDataProvider.swift in Sources */ = {isa = PBXBuildFile; fileRef = 12D1FAEE2AF2C2BF00BD9FF0 /* LineChartDataProvider.swift */; };
		12D1FAF22AF2C30700BD9FF0 /* TableChartStyle.swift in Sources */ = {isa = PBXBuildFile; fileRef = 12D1FAF12AF2C30700BD9FF0 /* TableChartStyle.swift */; };
		12D1FAF42AF2C31C00BD9FF0 /* PieChartStyle.swift in Sources */ = {isa = PBXBuildFile; fileRef = 12D1FAF32AF2C31B00BD9FF0 /* PieChartStyle.swift */; };
		12D1FAF62AF2C34200BD9FF0 /* BarChartStyle.swift in Sources */ = {isa = PBXBuildFile; fileRef = 12D1FAF52AF2C34200BD9FF0 /* BarChartStyle.swift */; };
		12D1FAFA2AF2C37B00BD9FF0 /* PieStyleProtocol.swift in Sources */ = {isa = PBXBuildFile; fileRef = 12D1FAF92AF2C37B00BD9FF0 /* PieStyleProtocol.swift */; };
		12D1FAFC2AF2C38E00BD9FF0 /* SummaryStyleProtocol.swift in Sources */ = {isa = PBXBuildFile; fileRef = 12D1FAFB2AF2C38E00BD9FF0 /* SummaryStyleProtocol.swift */; };
		12D1FAFF2AF2C3B500BD9FF0 /* HorizontalAxisStyleProtocol.swift in Sources */ = {isa = PBXBuildFile; fileRef = 12D1FAFE2AF2C3B500BD9FF0 /* HorizontalAxisStyleProtocol.swift */; };
		12D1FB012AF2C3C500BD9FF0 /* VerticalAxisStyleProtocol.swift in Sources */ = {isa = PBXBuildFile; fileRef = 12D1FB002AF2C3C500BD9FF0 /* VerticalAxisStyleProtocol.swift */; };
		12D1FB042AF2C40E00BD9FF0 /* AxisTextVerticalAlignment.swift in Sources */ = {isa = PBXBuildFile; fileRef = 12D1FB032AF2C40E00BD9FF0 /* AxisTextVerticalAlignment.swift */; };
		12D1FB062AF2C42000BD9FF0 /* AxisTextHorizontalAlignment.swift in Sources */ = {isa = PBXBuildFile; fileRef = 12D1FB052AF2C42000BD9FF0 /* AxisTextHorizontalAlignment.swift */; };
		12D1FB092AF2C44300BD9FF0 /* LineStyleProtocol.swift in Sources */ = {isa = PBXBuildFile; fileRef = 12D1FB082AF2C44300BD9FF0 /* LineStyleProtocol.swift */; };
		12D1FB0B2AF2C45300BD9FF0 /* LineSelectionStyleProtocol.swift in Sources */ = {isa = PBXBuildFile; fileRef = 12D1FB0A2AF2C45300BD9FF0 /* LineSelectionStyleProtocol.swift */; };
		12D1FB0D2AF2C47D00BD9FF0 /* LineBackgroundStyleProtocol.swift in Sources */ = {isa = PBXBuildFile; fileRef = 12D1FB0C2AF2C47D00BD9FF0 /* LineBackgroundStyleProtocol.swift */; };
		12D1FB102AF2C4A300BD9FF0 /* TableStyleProtocol.swift in Sources */ = {isa = PBXBuildFile; fileRef = 12D1FB0F2AF2C4A300BD9FF0 /* TableStyleProtocol.swift */; };
		12D1FB122AF2C4B800BD9FF0 /* TableLegendStyleProtocol.swift in Sources */ = {isa = PBXBuildFile; fileRef = 12D1FB112AF2C4B800BD9FF0 /* TableLegendStyleProtocol.swift */; };
		12D1FB152AF2C4D900BD9FF0 /* BarBackgroundStyleProtocol.swift in Sources */ = {isa = PBXBuildFile; fileRef = 12D1FB142AF2C4D900BD9FF0 /* BarBackgroundStyleProtocol.swift */; };
		12D1FB172AF2C4EC00BD9FF0 /* BarStyleProtocol.swift in Sources */ = {isa = PBXBuildFile; fileRef = 12D1FB162AF2C4EC00BD9FF0 /* BarStyleProtocol.swift */; };
		12D1FB1A2AF2C51D00BD9FF0 /* ChartModel.swift in Sources */ = {isa = PBXBuildFile; fileRef = 12D1FB192AF2C51D00BD9FF0 /* ChartModel.swift */; };
		12D1FB1C2AF2C53000BD9FF0 /* ChartGroupType.swift in Sources */ = {isa = PBXBuildFile; fileRef = 12D1FB1B2AF2C53000BD9FF0 /* ChartGroupType.swift */; };
		12D1FB1E2AF2C54400BD9FF0 /* ChartStringValue.swift in Sources */ = {isa = PBXBuildFile; fileRef = 12D1FB1D2AF2C54400BD9FF0 /* ChartStringValue.swift */; };
		12D1FB202AF2C55800BD9FF0 /* ChartDateValue.swift in Sources */ = {isa = PBXBuildFile; fileRef = 12D1FB1F2AF2C55800BD9FF0 /* ChartDateValue.swift */; };
		12D1FB232AF2C5A300BD9FF0 /* ChartSurfaceProtocol.swift in Sources */ = {isa = PBXBuildFile; fileRef = 12D1FB222AF2C5A300BD9FF0 /* ChartSurfaceProtocol.swift */; };
		12D1FB252AF2C5B600BD9FF0 /* ChartSurfaceSelectableProtocol.swift in Sources */ = {isa = PBXBuildFile; fileRef = 12D1FB242AF2C5B600BD9FF0 /* ChartSurfaceSelectableProtocol.swift */; };
		12D1FB282AF2C5D700BD9FF0 /* PieChartLegendSurface.swift in Sources */ = {isa = PBXBuildFile; fileRef = 12D1FB272AF2C5D700BD9FF0 /* PieChartLegendSurface.swift */; };
		12D1FB2A2AF2C5EB00BD9FF0 /* PieChartSurface.swift in Sources */ = {isa = PBXBuildFile; fileRef = 12D1FB292AF2C5EB00BD9FF0 /* PieChartSurface.swift */; };
		12D1FB2D2AF2C60800BD9FF0 /* HorizontalAxisSurface.swift in Sources */ = {isa = PBXBuildFile; fileRef = 12D1FB2C2AF2C60800BD9FF0 /* HorizontalAxisSurface.swift */; };
		12D1FB2F2AF2C61A00BD9FF0 /* VerticalAxisSurface.swift in Sources */ = {isa = PBXBuildFile; fileRef = 12D1FB2E2AF2C61A00BD9FF0 /* VerticalAxisSurface.swift */; };
		12D1FB322AF2C63C00BD9FF0 /* LineChartSurface.swift in Sources */ = {isa = PBXBuildFile; fileRef = 12D1FB312AF2C63C00BD9FF0 /* LineChartSurface.swift */; };
		12D1FB342AF2C65100BD9FF0 /* ChartSelectionLayer.swift in Sources */ = {isa = PBXBuildFile; fileRef = 12D1FB332AF2C65100BD9FF0 /* ChartSelectionLayer.swift */; };
		12D1FB362AF2C66500BD9FF0 /* LineBackgroundSurface.swift in Sources */ = {isa = PBXBuildFile; fileRef = 12D1FB352AF2C66500BD9FF0 /* LineBackgroundSurface.swift */; };
		12D1FB392AF2C69900BD9FF0 /* TableLegendSurface.swift in Sources */ = {isa = PBXBuildFile; fileRef = 12D1FB382AF2C69900BD9FF0 /* TableLegendSurface.swift */; };
		12D1FB3B2AF2C6AB00BD9FF0 /* TableChartSurface.swift in Sources */ = {isa = PBXBuildFile; fileRef = 12D1FB3A2AF2C6AB00BD9FF0 /* TableChartSurface.swift */; };
		12D1FB3E2AF2C6D300BD9FF0 /* BarBackgroundSurface.swift in Sources */ = {isa = PBXBuildFile; fileRef = 12D1FB3D2AF2C6D300BD9FF0 /* BarBackgroundSurface.swift */; };
		12D1FB402AF2C71800BD9FF0 /* BarChartSurface.swift in Sources */ = {isa = PBXBuildFile; fileRef = 12D1FB3F2AF2C71800BD9FF0 /* BarChartSurface.swift */; };
		12E07D822A909D1700A276DD /* AppDelegate.swift in Sources */ = {isa = PBXBuildFile; fileRef = 12E07D812A909D1700A276DD /* AppDelegate.swift */; };
		12E07D842A909D1700A276DD /* SceneDelegate.swift in Sources */ = {isa = PBXBuildFile; fileRef = 12E07D832A909D1700A276DD /* SceneDelegate.swift */; };
		12E07D862A909D1700A276DD /* ViewController.swift in Sources */ = {isa = PBXBuildFile; fileRef = 12E07D852A909D1700A276DD /* ViewController.swift */; };
		12E07D892A909D1700A276DD /* Main.storyboard in Resources */ = {isa = PBXBuildFile; fileRef = 12E07D872A909D1700A276DD /* Main.storyboard */; };
		12E07D8B2A909D1800A276DD /* Assets.xcassets in Resources */ = {isa = PBXBuildFile; fileRef = 12E07D8A2A909D1800A276DD /* Assets.xcassets */; };
		12E07D8E2A909D1900A276DD /* LaunchScreen.storyboard in Resources */ = {isa = PBXBuildFile; fileRef = 12E07D8C2A909D1900A276DD /* LaunchScreen.storyboard */; };
		12E07D992A909F1200A276DD /* ProductService.swift in Sources */ = {isa = PBXBuildFile; fileRef = 12E07D982A909F1200A276DD /* ProductService.swift */; };
		12E07D9B2A909F4E00A276DD /* ContactService.swift in Sources */ = {isa = PBXBuildFile; fileRef = 12E07D9A2A909F4E00A276DD /* ContactService.swift */; };
		12E07D9E2A909F9B00A276DD /* ContactEntity.swift in Sources */ = {isa = PBXBuildFile; fileRef = 12E07D9D2A909F9B00A276DD /* ContactEntity.swift */; };
		12E07DA02A909FB400A276DD /* UserEntity.swift in Sources */ = {isa = PBXBuildFile; fileRef = 12E07D9F2A909FB400A276DD /* UserEntity.swift */; };
		12E07DA22A909FDB00A276DD /* DealEntity.swift in Sources */ = {isa = PBXBuildFile; fileRef = 12E07DA12A909FDB00A276DD /* DealEntity.swift */; };
		12E07DA42A90A00700A276DD /* DealFilterEntity.swift in Sources */ = {isa = PBXBuildFile; fileRef = 12E07DA32A90A00700A276DD /* DealFilterEntity.swift */; };
		12E07DA62A90A01F00A276DD /* TaskEntity.swift in Sources */ = {isa = PBXBuildFile; fileRef = 12E07DA52A90A01F00A276DD /* TaskEntity.swift */; };
		12E07DA82A90A03500A276DD /* TaskFilterEntity.swift in Sources */ = {isa = PBXBuildFile; fileRef = 12E07DA72A90A03500A276DD /* TaskFilterEntity.swift */; };
		12E07DAA2A90A04D00A276DD /* CompanyEntity.swift in Sources */ = {isa = PBXBuildFile; fileRef = 12E07DA92A90A04D00A276DD /* CompanyEntity.swift */; };
		12E07DAC2A90A06000A276DD /* CompanyFilterEntity.swift in Sources */ = {isa = PBXBuildFile; fileRef = 12E07DAB2A90A06000A276DD /* CompanyFilterEntity.swift */; };
		12E07DAE2A90A08700A276DD /* CompanyService.swift in Sources */ = {isa = PBXBuildFile; fileRef = 12E07DAD2A90A08700A276DD /* CompanyService.swift */; };
		12E07DB02A90A09800A276DD /* DealService.swift in Sources */ = {isa = PBXBuildFile; fileRef = 12E07DAF2A90A09800A276DD /* DealService.swift */; };
		12E07DB22A90A0A800A276DD /* TaskService.swift in Sources */ = {isa = PBXBuildFile; fileRef = 12E07DB12A90A0A800A276DD /* TaskService.swift */; };
		12E07DB62A90A0E200A276DD /* AudioRecordServiceDelegate.swift in Sources */ = {isa = PBXBuildFile; fileRef = 12E07DB52A90A0E200A276DD /* AudioRecordServiceDelegate.swift */; };
		12E07DB82A90A0FA00A276DD /* AudioRecordServiceProtocol.swift in Sources */ = {isa = PBXBuildFile; fileRef = 12E07DB72A90A0FA00A276DD /* AudioRecordServiceProtocol.swift */; };
		12E07DBA2A90A10A00A276DD /* AudioRecordService.swift in Sources */ = {isa = PBXBuildFile; fileRef = 12E07DB92A90A10A00A276DD /* AudioRecordService.swift */; };
		12E07DBC2A90A13A00A276DD /* AudioRecordServiceError.swift in Sources */ = {isa = PBXBuildFile; fileRef = 12E07DBB2A90A13A00A276DD /* AudioRecordServiceError.swift */; };
		12E07DBE2A90A15500A276DD /* NLPService.swift in Sources */ = {isa = PBXBuildFile; fileRef = 12E07DBD2A90A15500A276DD /* NLPService.swift */; };
		12E07DC02A90A19000A276DD /* MessageService.swift in Sources */ = {isa = PBXBuildFile; fileRef = 12E07DBF2A90A19000A276DD /* MessageService.swift */; };
		12E07DC42A90A28400A276DD /* BaseCoordinator.swift in Sources */ = {isa = PBXBuildFile; fileRef = 12E07DC32A90A28400A276DD /* BaseCoordinator.swift */; };
		12E07DC62A90A29A00A276DD /* ApplicationCoordinator.swift in Sources */ = {isa = PBXBuildFile; fileRef = 12E07DC52A90A29A00A276DD /* ApplicationCoordinator.swift */; };
		12E07DC82A90A2BC00A276DD /* WelcomeCoordinator.swift in Sources */ = {isa = PBXBuildFile; fileRef = 12E07DC72A90A2BC00A276DD /* WelcomeCoordinator.swift */; };
		12E07DCA2A90A2D000A276DD /* AuthorizationCoordinator.swift in Sources */ = {isa = PBXBuildFile; fileRef = 12E07DC92A90A2D000A276DD /* AuthorizationCoordinator.swift */; };
		12E07DD72AA50C8E00A276DD /* Reachability.swift in Sources */ = {isa = PBXBuildFile; fileRef = 12E07DD62AA50C8E00A276DD /* Reachability.swift */; };
		12E07DD92AA50CDA00A276DD /* Encodable+JSON.swift in Sources */ = {isa = PBXBuildFile; fileRef = 12E07DD82AA50CDA00A276DD /* Encodable+JSON.swift */; };
		12E07DDB2AA50D0900A276DD /* ServiceConfig.swift in Sources */ = {isa = PBXBuildFile; fileRef = 12E07DDA2AA50D0900A276DD /* ServiceConfig.swift */; };
		12E07DE02AA50DB200A276DD /* NLPConfiguration.swift in Sources */ = {isa = PBXBuildFile; fileRef = 12E07DDF2AA50DB200A276DD /* NLPConfiguration.swift */; };
		12E07DE32AA50E3800A276DD /* NLPMessage.proto in Sources */ = {isa = PBXBuildFile; fileRef = 12E07DE22AA50E3800A276DD /* NLPMessage.proto */; };
		12E07DE52AA50E5600A276DD /* NLPMessage.pb.swift in Sources */ = {isa = PBXBuildFile; fileRef = 12E07DE42AA50E5600A276DD /* NLPMessage.pb.swift */; };
		12E07DE72AA50E6600A276DD /* NLPMessage.swift in Sources */ = {isa = PBXBuildFile; fileRef = 12E07DE62AA50E6600A276DD /* NLPMessage.swift */; };
		12E07DEA2AA50EBC00A276DD /* WebSocketConfigurationProtocol.swift in Sources */ = {isa = PBXBuildFile; fileRef = 12E07DE92AA50EBC00A276DD /* WebSocketConfigurationProtocol.swift */; };
		12E07DED2AA50EE500A276DD /* WebSocketConnectionProtocol.swift in Sources */ = {isa = PBXBuildFile; fileRef = 12E07DEC2AA50EE500A276DD /* WebSocketConnectionProtocol.swift */; };
		12E07DEF2AA50F0B00A276DD /* WebSocketConnection.swift in Sources */ = {isa = PBXBuildFile; fileRef = 12E07DEE2AA50F0B00A276DD /* WebSocketConnection.swift */; };
		12E07DF12AA50F3800A276DD /* WebSocketError.swift in Sources */ = {isa = PBXBuildFile; fileRef = 12E07DF02AA50F3800A276DD /* WebSocketError.swift */; };
		12E07DF32AA50F5300A276DD /* WebSocketClient.swift in Sources */ = {isa = PBXBuildFile; fileRef = 12E07DF22AA50F5300A276DD /* WebSocketClient.swift */; };
		12E07DF62AA50F8000A276DD /* WebSocketMessageProtocol.swift in Sources */ = {isa = PBXBuildFile; fileRef = 12E07DF52AA50F8000A276DD /* WebSocketMessageProtocol.swift */; };
		12E07DF92AA50FB900A276DD /* ListRequestModel.swift in Sources */ = {isa = PBXBuildFile; fileRef = 12E07DF82AA50FB900A276DD /* ListRequestModel.swift */; };
		12E07DFC2AA50FEC00A276DD /* TasksOperation.swift in Sources */ = {isa = PBXBuildFile; fileRef = 12E07DFB2AA50FEC00A276DD /* TasksOperation.swift */; };
		12E07DFE2AA5100C00A276DD /* TasksListResponseModel.swift in Sources */ = {isa = PBXBuildFile; fileRef = 12E07DFD2AA5100C00A276DD /* TasksListResponseModel.swift */; };
		12E07E002AA5102200A276DD /* ChangeTaskStatusResponseModel.swift in Sources */ = {isa = PBXBuildFile; fileRef = 12E07DFF2AA5102200A276DD /* ChangeTaskStatusResponseModel.swift */; };
		12E07E022AA5103300A276DD /* TaskRequestModel.swift in Sources */ = {isa = PBXBuildFile; fileRef = 12E07E012AA5103300A276DD /* TaskRequestModel.swift */; };
		12E07E042AA5104600A276DD /* TaskResponseModel.swift in Sources */ = {isa = PBXBuildFile; fileRef = 12E07E032AA5104600A276DD /* TaskResponseModel.swift */; };
		12E07E062AA5105A00A276DD /* TaskCommentListRequestModel.swift in Sources */ = {isa = PBXBuildFile; fileRef = 12E07E052AA5105A00A276DD /* TaskCommentListRequestModel.swift */; };
		12E07E082AA5106B00A276DD /* TaskCommentListResponseModel.swift in Sources */ = {isa = PBXBuildFile; fileRef = 12E07E072AA5106B00A276DD /* TaskCommentListResponseModel.swift */; };
		12E07E0A2AA5107C00A276DD /* CreateTaskCommentRequestModel.swift in Sources */ = {isa = PBXBuildFile; fileRef = 12E07E092AA5107C00A276DD /* CreateTaskCommentRequestModel.swift */; };
		12E07E0C2AA5109100A276DD /* EditTaskCommentRequestModel.swift in Sources */ = {isa = PBXBuildFile; fileRef = 12E07E0B2AA5109100A276DD /* EditTaskCommentRequestModel.swift */; };
		12E07E0E2AA510A300A276DD /* TaskCommentResponseModel.swift in Sources */ = {isa = PBXBuildFile; fileRef = 12E07E0D2AA510A300A276DD /* TaskCommentResponseModel.swift */; };
		12E07E112AA510CB00A276DD /* Service.swift in Sources */ = {isa = PBXBuildFile; fileRef = 12E07E102AA510CB00A276DD /* Service.swift */; };
		12E07E132AA510E400A276DD /* ServiceProtocol.swift in Sources */ = {isa = PBXBuildFile; fileRef = 12E07E122AA510E400A276DD /* ServiceProtocol.swift */; };
		12E07E152AA510FA00A276DD /* Request.swift in Sources */ = {isa = PBXBuildFile; fileRef = 12E07E142AA510FA00A276DD /* Request.swift */; };
		12E07E182AA5111C00A276DD /* RequestProtocol.swift in Sources */ = {isa = PBXBuildFile; fileRef = 12E07E172AA5111C00A276DD /* RequestProtocol.swift */; };
		12E07E1A2AA517D900A276DD /* ResponseProtocol.swift in Sources */ = {isa = PBXBuildFile; fileRef = 12E07E192AA517D900A276DD /* ResponseProtocol.swift */; };
		12E07E1D2AA5180C00A276DD /* AuthorizationOperation.swift in Sources */ = {isa = PBXBuildFile; fileRef = 12E07E1C2AA5180C00A276DD /* AuthorizationOperation.swift */; };
		12E07E1F2AA5182800A276DD /* AuthorizationResponseModel.swift in Sources */ = {isa = PBXBuildFile; fileRef = 12E07E1E2AA5182800A276DD /* AuthorizationResponseModel.swift */; };
		12E07E222AA5187D00A276DD /* CompaniesOperation.swift in Sources */ = {isa = PBXBuildFile; fileRef = 12E07E212AA5187D00A276DD /* CompaniesOperation.swift */; };
		12E07E242AA5189300A276DD /* CompaniesListResponseModel.swift in Sources */ = {isa = PBXBuildFile; fileRef = 12E07E232AA5189300A276DD /* CompaniesListResponseModel.swift */; };
		12E07E262AA518C900A276DD /* CompanyResponseModel.swift in Sources */ = {isa = PBXBuildFile; fileRef = 12E07E252AA518C900A276DD /* CompanyResponseModel.swift */; };
		12E07E282AA518FF00A276DD /* CompanyRequestModel.swift in Sources */ = {isa = PBXBuildFile; fileRef = 12E07E272AA518FF00A276DD /* CompanyRequestModel.swift */; };
		12E07E2A2AA5191100A276DD /* CompanyChangeHistoryResponseModel.swift in Sources */ = {isa = PBXBuildFile; fileRef = 12E07E292AA5191100A276DD /* CompanyChangeHistoryResponseModel.swift */; };
		12E07E2C2AA5192500A276DD /* CommentsListRequestModel.swift in Sources */ = {isa = PBXBuildFile; fileRef = 12E07E2B2AA5192500A276DD /* CommentsListRequestModel.swift */; };
		12E07E2E2AA5193400A276DD /* CompanyCommentsListResponseModel.swift in Sources */ = {isa = PBXBuildFile; fileRef = 12E07E2D2AA5193400A276DD /* CompanyCommentsListResponseModel.swift */; };
		12E07E302AA5194700A276DD /* AddCompanyCommentRequestModel.swift in Sources */ = {isa = PBXBuildFile; fileRef = 12E07E2F2AA5194700A276DD /* AddCompanyCommentRequestModel.swift */; };
		12E07E322AA5195800A276DD /* CompanyCommentResponseModel.swift in Sources */ = {isa = PBXBuildFile; fileRef = 12E07E312AA5195800A276DD /* CompanyCommentResponseModel.swift */; };
		12E07E342AA5196B00A276DD /* EditCompanyCommentRequestModel.swift in Sources */ = {isa = PBXBuildFile; fileRef = 12E07E332AA5196B00A276DD /* EditCompanyCommentRequestModel.swift */; };
		12E07E372AA5199100A276DD /* DealsOperation.swift in Sources */ = {isa = PBXBuildFile; fileRef = 12E07E362AA5199100A276DD /* DealsOperation.swift */; };
		12E07E392AA519B100A276DD /* DealsListResponseModel.swift in Sources */ = {isa = PBXBuildFile; fileRef = 12E07E382AA519B100A276DD /* DealsListResponseModel.swift */; };
		12E07E3B2AA51A6000A276DD /* CreateDealRequestModel.swift in Sources */ = {isa = PBXBuildFile; fileRef = 12E07E3A2AA51A6000A276DD /* CreateDealRequestModel.swift */; };
		12E07E3D2AA51A7500A276DD /* CreateDealResponseModel.swift in Sources */ = {isa = PBXBuildFile; fileRef = 12E07E3C2AA51A7500A276DD /* CreateDealResponseModel.swift */; };
		12E07E3F2AA51A8700A276DD /* UpdateDealStatusRequestModel.swift in Sources */ = {isa = PBXBuildFile; fileRef = 12E07E3E2AA51A8700A276DD /* UpdateDealStatusRequestModel.swift */; };
		12E07E412AA51A9A00A276DD /* UpdateDealStatusResponseModel.swift in Sources */ = {isa = PBXBuildFile; fileRef = 12E07E402AA51A9A00A276DD /* UpdateDealStatusResponseModel.swift */; };
		12E07E432AA51AAF00A276DD /* DealCardRequestModel.swift in Sources */ = {isa = PBXBuildFile; fileRef = 12E07E422AA51AAF00A276DD /* DealCardRequestModel.swift */; };
		12E07E452AA51ABF00A276DD /* DealCardResponseModel.swift in Sources */ = {isa = PBXBuildFile; fileRef = 12E07E442AA51ABF00A276DD /* DealCardResponseModel.swift */; };
		12E07E472AA51ACF00A276DD /* DealGeneralInfoRequestModel.swift in Sources */ = {isa = PBXBuildFile; fileRef = 12E07E462AA51ACF00A276DD /* DealGeneralInfoRequestModel.swift */; };
		12E07E492AA51AE000A276DD /* DealGeneralInfoResponseModel.swift in Sources */ = {isa = PBXBuildFile; fileRef = 12E07E482AA51AE000A276DD /* DealGeneralInfoResponseModel.swift */; };
		12E07E4B2AA51AF500A276DD /* DealStatusChangeHistoryRequestModel.swift in Sources */ = {isa = PBXBuildFile; fileRef = 12E07E4A2AA51AF500A276DD /* DealStatusChangeHistoryRequestModel.swift */; };
		12E07E4D2AA51B0600A276DD /* DealStatusChangeHistoryResponseModel.swift in Sources */ = {isa = PBXBuildFile; fileRef = 12E07E4C2AA51B0600A276DD /* DealStatusChangeHistoryResponseModel.swift */; };
		12E07E4F2AA51B1700A276DD /* EditDealCommentRequestModel.swift in Sources */ = {isa = PBXBuildFile; fileRef = 12E07E4E2AA51B1700A276DD /* EditDealCommentRequestModel.swift */; };
		12E07E512AA51B2C00A276DD /* AddDealCommentRequestModel.swift in Sources */ = {isa = PBXBuildFile; fileRef = 12E07E502AA51B2C00A276DD /* AddDealCommentRequestModel.swift */; };
		12E07E532AA51B4000A276DD /* DeleteDealCommentRequestModel.swift in Sources */ = {isa = PBXBuildFile; fileRef = 12E07E522AA51B4000A276DD /* DeleteDealCommentRequestModel.swift */; };
		12E07E552AA51B5000A276DD /* DealCommentsListResponseModel.swift in Sources */ = {isa = PBXBuildFile; fileRef = 12E07E542AA51B5000A276DD /* DealCommentsListResponseModel.swift */; };
		12E07E572AA51B6300A276DD /* DealCommentResponseModel.swift in Sources */ = {isa = PBXBuildFile; fileRef = 12E07E562AA51B6300A276DD /* DealCommentResponseModel.swift */; };
/* End PBXBuildFile section */

/* Begin PBXFileReference section */
		12090F072ACDE04E009D03FC /* UIViewController+Puller.swift */ = {isa = PBXFileReference; lastKnownFileType = sourcecode.swift; path = "UIViewController+Puller.swift"; sourceTree = "<group>"; };
		12090F092ACDE08D009D03FC /* CRMButton.swift */ = {isa = PBXFileReference; lastKnownFileType = sourcecode.swift; path = CRMButton.swift; sourceTree = "<group>"; };
		12090F0B2ACDE0A8009D03FC /* CRMRadioButton.swift */ = {isa = PBXFileReference; lastKnownFileType = sourcecode.swift; path = CRMRadioButton.swift; sourceTree = "<group>"; };
		12090F0E2ACDE0C6009D03FC /* CRMTextFieldContainer.swift */ = {isa = PBXFileReference; lastKnownFileType = sourcecode.swift; path = CRMTextFieldContainer.swift; sourceTree = "<group>"; };
		12090F112ACDE0E8009D03FC /* CRMNavigationBar.swift */ = {isa = PBXFileReference; lastKnownFileType = sourcecode.swift; path = CRMNavigationBar.swift; sourceTree = "<group>"; };
		12090F132ACDE0FF009D03FC /* CRMToolBar.swift */ = {isa = PBXFileReference; lastKnownFileType = sourcecode.swift; path = CRMToolBar.swift; sourceTree = "<group>"; };
		12090F162ACDE144009D03FC /* StickyHeaderViewController.swift */ = {isa = PBXFileReference; lastKnownFileType = sourcecode.swift; path = StickyHeaderViewController.swift; sourceTree = "<group>"; };
		12090F182ACDE162009D03FC /* CRMTabBarController.swift */ = {isa = PBXFileReference; lastKnownFileType = sourcecode.swift; path = CRMTabBarController.swift; sourceTree = "<group>"; };
		12090F1A2ACDE180009D03FC /* CRMNavigationControllerConfigurable.swift */ = {isa = PBXFileReference; lastKnownFileType = sourcecode.swift; path = CRMNavigationControllerConfigurable.swift; sourceTree = "<group>"; };
		12090F1C2ACDE195009D03FC /* CRMNavigationController.swift */ = {isa = PBXFileReference; lastKnownFileType = sourcecode.swift; path = CRMNavigationController.swift; sourceTree = "<group>"; };
		12090F1F2ACDE1BC009D03FC /* TabContainerViewController.swift */ = {isa = PBXFileReference; lastKnownFileType = sourcecode.swift; path = TabContainerViewController.swift; sourceTree = "<group>"; };
		12090F212ACDE1D5009D03FC /* TabControl.swift */ = {isa = PBXFileReference; lastKnownFileType = sourcecode.swift; path = TabControl.swift; sourceTree = "<group>"; };
		12090F232ACDE1F0009D03FC /* TabButton.swift */ = {isa = PBXFileReference; lastKnownFileType = sourcecode.swift; path = TabButton.swift; sourceTree = "<group>"; };
		12090F252ACDE205009D03FC /* TabItemModel.swift */ = {isa = PBXFileReference; lastKnownFileType = sourcecode.swift; path = TabItemModel.swift; sourceTree = "<group>"; };
		12090F292ACDE241009D03FC /* PullerViewController.swift */ = {isa = PBXFileReference; lastKnownFileType = sourcecode.swift; path = PullerViewController.swift; sourceTree = "<group>"; };
		12090F2B2ACDE260009D03FC /* PullerListTableViewController.swift */ = {isa = PBXFileReference; lastKnownFileType = sourcecode.swift; path = PullerListTableViewController.swift; sourceTree = "<group>"; };
		12090F2D2ACDE27A009D03FC /* PullerListViewController.swift */ = {isa = PBXFileReference; lastKnownFileType = sourcecode.swift; path = PullerListViewController.swift; sourceTree = "<group>"; };
		12090F2F2ACDE299009D03FC /* UIViewController+PullerStructure.swift */ = {isa = PBXFileReference; lastKnownFileType = sourcecode.swift; path = "UIViewController+PullerStructure.swift"; sourceTree = "<group>"; };
		12090F322ACDE2CB009D03FC /* GradientView.swift */ = {isa = PBXFileReference; lastKnownFileType = sourcecode.swift; path = GradientView.swift; sourceTree = "<group>"; };
		12D1FAD22AF2C11A00BD9FF0 /* ChartView.swift */ = {isa = PBXFileReference; lastKnownFileType = sourcecode.swift; path = ChartView.swift; sourceTree = "<group>"; };
		12D1FAD42AF2C13700BD9FF0 /* ChartView+ChartType.swift */ = {isa = PBXFileReference; lastKnownFileType = sourcecode.swift; path = "ChartView+ChartType.swift"; sourceTree = "<group>"; };
		12D1FAD82AF2C18400BD9FF0 /* ChartSummaryDataProviderProtocol.swift */ = {isa = PBXFileReference; lastKnownFileType = sourcecode.swift; path = ChartSummaryDataProviderProtocol.swift; sourceTree = "<group>"; };
		12D1FADA2AF2C19B00BD9FF0 /* ChartTableLegendDataProviderProtocol.swift */ = {isa = PBXFileReference; lastKnownFileType = sourcecode.swift; path = ChartTableLegendDataProviderProtocol.swift; sourceTree = "<group>"; };
		12D1FADC2AF2C1D600BD9FF0 /* ChartPointsProviderProtocol.swift */ = {isa = PBXFileReference; lastKnownFileType = sourcecode.swift; path = ChartPointsProviderProtocol.swift; sourceTree = "<group>"; };
		12D1FADE2AF2C1EC00BD9FF0 /* ChartHorizontalAxisDataProviderProtocol.swift */ = {isa = PBXFileReference; lastKnownFileType = sourcecode.swift; path = ChartHorizontalAxisDataProviderProtocol.swift; sourceTree = "<group>"; };
		12D1FAE02AF2C1FF00BD9FF0 /* ChartTableDataProviderProtocol.swift */ = {isa = PBXFileReference; lastKnownFileType = sourcecode.swift; path = ChartTableDataProviderProtocol.swift; sourceTree = "<group>"; };
		12D1FAE22AF2C21800BD9FF0 /* ChartPercentageDataProviderProtocol.swift */ = {isa = PBXFileReference; lastKnownFileType = sourcecode.swift; path = ChartPercentageDataProviderProtocol.swift; sourceTree = "<group>"; };
		12D1FAE42AF2C22C00BD9FF0 /* ChartVerticalAxisDataProviderProtocol.swift */ = {isa = PBXFileReference; lastKnownFileType = sourcecode.swift; path = ChartVerticalAxisDataProviderProtocol.swift; sourceTree = "<group>"; };
		12D1FAE62AF2C25400BD9FF0 /* ChartDataProviderProtocol.swift */ = {isa = PBXFileReference; lastKnownFileType = sourcecode.swift; path = ChartDataProviderProtocol.swift; sourceTree = "<group>"; };
		12D1FAE82AF2C27D00BD9FF0 /* BarChartDataProvider.swift */ = {isa = PBXFileReference; lastKnownFileType = sourcecode.swift; path = BarChartDataProvider.swift; sourceTree = "<group>"; };
		12D1FAEA2AF2C29200BD9FF0 /* TableChartDataProvider.swift */ = {isa = PBXFileReference; lastKnownFileType = sourcecode.swift; path = TableChartDataProvider.swift; sourceTree = "<group>"; };
		12D1FAEC2AF2C2AB00BD9FF0 /* PieChartDataProvider.swift */ = {isa = PBXFileReference; lastKnownFileType = sourcecode.swift; path = PieChartDataProvider.swift; sourceTree = "<group>"; };
		12D1FAEE2AF2C2BF00BD9FF0 /* LineChartDataProvider.swift */ = {isa = PBXFileReference; lastKnownFileType = sourcecode.swift; path = LineChartDataProvider.swift; sourceTree = "<group>"; };
		12D1FAF12AF2C30700BD9FF0 /* TableChartStyle.swift */ = {isa = PBXFileReference; lastKnownFileType = sourcecode.swift; path = TableChartStyle.swift; sourceTree = "<group>"; };
		12D1FAF32AF2C31B00BD9FF0 /* PieChartStyle.swift */ = {isa = PBXFileReference; lastKnownFileType = sourcecode.swift; path = PieChartStyle.swift; sourceTree = "<group>"; };
		12D1FAF52AF2C34200BD9FF0 /* BarChartStyle.swift */ = {isa = PBXFileReference; lastKnownFileType = sourcecode.swift; path = BarChartStyle.swift; sourceTree = "<group>"; };
		12D1FAF92AF2C37B00BD9FF0 /* PieStyleProtocol.swift */ = {isa = PBXFileReference; lastKnownFileType = sourcecode.swift; path = PieStyleProtocol.swift; sourceTree = "<group>"; };
		12D1FAFB2AF2C38E00BD9FF0 /* SummaryStyleProtocol.swift */ = {isa = PBXFileReference; lastKnownFileType = sourcecode.swift; path = SummaryStyleProtocol.swift; sourceTree = "<group>"; };
		12D1FAFE2AF2C3B500BD9FF0 /* HorizontalAxisStyleProtocol.swift */ = {isa = PBXFileReference; lastKnownFileType = sourcecode.swift; path = HorizontalAxisStyleProtocol.swift; sourceTree = "<group>"; };
		12D1FB002AF2C3C500BD9FF0 /* VerticalAxisStyleProtocol.swift */ = {isa = PBXFileReference; lastKnownFileType = sourcecode.swift; path = VerticalAxisStyleProtocol.swift; sourceTree = "<group>"; };
		12D1FB032AF2C40E00BD9FF0 /* AxisTextVerticalAlignment.swift */ = {isa = PBXFileReference; lastKnownFileType = sourcecode.swift; path = AxisTextVerticalAlignment.swift; sourceTree = "<group>"; };
		12D1FB052AF2C42000BD9FF0 /* AxisTextHorizontalAlignment.swift */ = {isa = PBXFileReference; lastKnownFileType = sourcecode.swift; path = AxisTextHorizontalAlignment.swift; sourceTree = "<group>"; };
		12D1FB082AF2C44300BD9FF0 /* LineStyleProtocol.swift */ = {isa = PBXFileReference; lastKnownFileType = sourcecode.swift; path = LineStyleProtocol.swift; sourceTree = "<group>"; };
		12D1FB0A2AF2C45300BD9FF0 /* LineSelectionStyleProtocol.swift */ = {isa = PBXFileReference; lastKnownFileType = sourcecode.swift; path = LineSelectionStyleProtocol.swift; sourceTree = "<group>"; };
		12D1FB0C2AF2C47D00BD9FF0 /* LineBackgroundStyleProtocol.swift */ = {isa = PBXFileReference; lastKnownFileType = sourcecode.swift; path = LineBackgroundStyleProtocol.swift; sourceTree = "<group>"; };
		12D1FB0F2AF2C4A300BD9FF0 /* TableStyleProtocol.swift */ = {isa = PBXFileReference; lastKnownFileType = sourcecode.swift; path = TableStyleProtocol.swift; sourceTree = "<group>"; };
		12D1FB112AF2C4B800BD9FF0 /* TableLegendStyleProtocol.swift */ = {isa = PBXFileReference; lastKnownFileType = sourcecode.swift; path = TableLegendStyleProtocol.swift; sourceTree = "<group>"; };
		12D1FB142AF2C4D900BD9FF0 /* BarBackgroundStyleProtocol.swift */ = {isa = PBXFileReference; lastKnownFileType = sourcecode.swift; path = BarBackgroundStyleProtocol.swift; sourceTree = "<group>"; };
		12D1FB162AF2C4EC00BD9FF0 /* BarStyleProtocol.swift */ = {isa = PBXFileReference; lastKnownFileType = sourcecode.swift; path = BarStyleProtocol.swift; sourceTree = "<group>"; };
		12D1FB192AF2C51D00BD9FF0 /* ChartModel.swift */ = {isa = PBXFileReference; lastKnownFileType = sourcecode.swift; path = ChartModel.swift; sourceTree = "<group>"; };
		12D1FB1B2AF2C53000BD9FF0 /* ChartGroupType.swift */ = {isa = PBXFileReference; lastKnownFileType = sourcecode.swift; path = ChartGroupType.swift; sourceTree = "<group>"; };
		12D1FB1D2AF2C54400BD9FF0 /* ChartStringValue.swift */ = {isa = PBXFileReference; lastKnownFileType = sourcecode.swift; path = ChartStringValue.swift; sourceTree = "<group>"; };
		12D1FB1F2AF2C55800BD9FF0 /* ChartDateValue.swift */ = {isa = PBXFileReference; lastKnownFileType = sourcecode.swift; path = ChartDateValue.swift; sourceTree = "<group>"; };
		12D1FB222AF2C5A300BD9FF0 /* ChartSurfaceProtocol.swift */ = {isa = PBXFileReference; lastKnownFileType = sourcecode.swift; path = ChartSurfaceProtocol.swift; sourceTree = "<group>"; };
		12D1FB242AF2C5B600BD9FF0 /* ChartSurfaceSelectableProtocol.swift */ = {isa = PBXFileReference; lastKnownFileType = sourcecode.swift; path = ChartSurfaceSelectableProtocol.swift; sourceTree = "<group>"; };
		12D1FB272AF2C5D700BD9FF0 /* PieChartLegendSurface.swift */ = {isa = PBXFileReference; lastKnownFileType = sourcecode.swift; path = PieChartLegendSurface.swift; sourceTree = "<group>"; };
		12D1FB292AF2C5EB00BD9FF0 /* PieChartSurface.swift */ = {isa = PBXFileReference; lastKnownFileType = sourcecode.swift; path = PieChartSurface.swift; sourceTree = "<group>"; };
		12D1FB2C2AF2C60800BD9FF0 /* HorizontalAxisSurface.swift */ = {isa = PBXFileReference; lastKnownFileType = sourcecode.swift; path = HorizontalAxisSurface.swift; sourceTree = "<group>"; };
		12D1FB2E2AF2C61A00BD9FF0 /* VerticalAxisSurface.swift */ = {isa = PBXFileReference; lastKnownFileType = sourcecode.swift; path = VerticalAxisSurface.swift; sourceTree = "<group>"; };
		12D1FB312AF2C63C00BD9FF0 /* LineChartSurface.swift */ = {isa = PBXFileReference; lastKnownFileType = sourcecode.swift; path = LineChartSurface.swift; sourceTree = "<group>"; };
		12D1FB332AF2C65100BD9FF0 /* ChartSelectionLayer.swift */ = {isa = PBXFileReference; lastKnownFileType = sourcecode.swift; path = ChartSelectionLayer.swift; sourceTree = "<group>"; };
		12D1FB352AF2C66500BD9FF0 /* LineBackgroundSurface.swift */ = {isa = PBXFileReference; lastKnownFileType = sourcecode.swift; path = LineBackgroundSurface.swift; sourceTree = "<group>"; };
		12D1FB382AF2C69900BD9FF0 /* TableLegendSurface.swift */ = {isa = PBXFileReference; lastKnownFileType = sourcecode.swift; path = TableLegendSurface.swift; sourceTree = "<group>"; };
		12D1FB3A2AF2C6AB00BD9FF0 /* TableChartSurface.swift */ = {isa = PBXFileReference; lastKnownFileType = sourcecode.swift; path = TableChartSurface.swift; sourceTree = "<group>"; };
		12D1FB3D2AF2C6D300BD9FF0 /* BarBackgroundSurface.swift */ = {isa = PBXFileReference; lastKnownFileType = sourcecode.swift; path = BarBackgroundSurface.swift; sourceTree = "<group>"; };
		12D1FB3F2AF2C71800BD9FF0 /* BarChartSurface.swift */ = {isa = PBXFileReference; lastKnownFileType = sourcecode.swift; path = BarChartSurface.swift; sourceTree = "<group>"; };
		12E07D7E2A909D1700A276DD /* CRM.app */ = {isa = PBXFileReference; explicitFileType = wrapper.application; includeInIndex = 0; path = CRM.app; sourceTree = BUILT_PRODUCTS_DIR; };
		12E07D812A909D1700A276DD /* AppDelegate.swift */ = {isa = PBXFileReference; lastKnownFileType = sourcecode.swift; path = AppDelegate.swift; sourceTree = "<group>"; };
		12E07D832A909D1700A276DD /* SceneDelegate.swift */ = {isa = PBXFileReference; lastKnownFileType = sourcecode.swift; path = SceneDelegate.swift; sourceTree = "<group>"; };
		12E07D852A909D1700A276DD /* ViewController.swift */ = {isa = PBXFileReference; lastKnownFileType = sourcecode.swift; path = ViewController.swift; sourceTree = "<group>"; };
		12E07D882A909D1700A276DD /* Base */ = {isa = PBXFileReference; lastKnownFileType = file.storyboard; name = Base; path = Base.lproj/Main.storyboard; sourceTree = "<group>"; };
		12E07D8A2A909D1800A276DD /* Assets.xcassets */ = {isa = PBXFileReference; lastKnownFileType = folder.assetcatalog; path = Assets.xcassets; sourceTree = "<group>"; };
		12E07D8D2A909D1900A276DD /* Base */ = {isa = PBXFileReference; lastKnownFileType = file.storyboard; name = Base; path = Base.lproj/LaunchScreen.storyboard; sourceTree = "<group>"; };
		12E07D8F2A909D1900A276DD /* Info.plist */ = {isa = PBXFileReference; lastKnownFileType = text.plist.xml; path = Info.plist; sourceTree = "<group>"; };
		12E07D982A909F1200A276DD /* ProductService.swift */ = {isa = PBXFileReference; lastKnownFileType = sourcecode.swift; path = ProductService.swift; sourceTree = "<group>"; };
		12E07D9A2A909F4E00A276DD /* ContactService.swift */ = {isa = PBXFileReference; lastKnownFileType = sourcecode.swift; path = ContactService.swift; sourceTree = "<group>"; };
		12E07D9D2A909F9B00A276DD /* ContactEntity.swift */ = {isa = PBXFileReference; lastKnownFileType = sourcecode.swift; path = ContactEntity.swift; sourceTree = "<group>"; };
		12E07D9F2A909FB400A276DD /* UserEntity.swift */ = {isa = PBXFileReference; lastKnownFileType = sourcecode.swift; path = UserEntity.swift; sourceTree = "<group>"; };
		12E07DA12A909FDB00A276DD /* DealEntity.swift */ = {isa = PBXFileReference; lastKnownFileType = sourcecode.swift; path = DealEntity.swift; sourceTree = "<group>"; };
		12E07DA32A90A00700A276DD /* DealFilterEntity.swift */ = {isa = PBXFileReference; lastKnownFileType = sourcecode.swift; path = DealFilterEntity.swift; sourceTree = "<group>"; };
		12E07DA52A90A01F00A276DD /* TaskEntity.swift */ = {isa = PBXFileReference; lastKnownFileType = sourcecode.swift; path = TaskEntity.swift; sourceTree = "<group>"; };
		12E07DA72A90A03500A276DD /* TaskFilterEntity.swift */ = {isa = PBXFileReference; lastKnownFileType = sourcecode.swift; path = TaskFilterEntity.swift; sourceTree = "<group>"; };
		12E07DA92A90A04D00A276DD /* CompanyEntity.swift */ = {isa = PBXFileReference; lastKnownFileType = sourcecode.swift; path = CompanyEntity.swift; sourceTree = "<group>"; };
		12E07DAB2A90A06000A276DD /* CompanyFilterEntity.swift */ = {isa = PBXFileReference; lastKnownFileType = sourcecode.swift; path = CompanyFilterEntity.swift; sourceTree = "<group>"; };
		12E07DAD2A90A08700A276DD /* CompanyService.swift */ = {isa = PBXFileReference; lastKnownFileType = sourcecode.swift; path = CompanyService.swift; sourceTree = "<group>"; };
		12E07DAF2A90A09800A276DD /* DealService.swift */ = {isa = PBXFileReference; lastKnownFileType = sourcecode.swift; path = DealService.swift; sourceTree = "<group>"; };
		12E07DB12A90A0A800A276DD /* TaskService.swift */ = {isa = PBXFileReference; lastKnownFileType = sourcecode.swift; path = TaskService.swift; sourceTree = "<group>"; };
		12E07DB52A90A0E200A276DD /* AudioRecordServiceDelegate.swift */ = {isa = PBXFileReference; lastKnownFileType = sourcecode.swift; path = AudioRecordServiceDelegate.swift; sourceTree = "<group>"; };
		12E07DB72A90A0FA00A276DD /* AudioRecordServiceProtocol.swift */ = {isa = PBXFileReference; lastKnownFileType = sourcecode.swift; path = AudioRecordServiceProtocol.swift; sourceTree = "<group>"; };
		12E07DB92A90A10A00A276DD /* AudioRecordService.swift */ = {isa = PBXFileReference; lastKnownFileType = sourcecode.swift; path = AudioRecordService.swift; sourceTree = "<group>"; };
		12E07DBB2A90A13A00A276DD /* AudioRecordServiceError.swift */ = {isa = PBXFileReference; lastKnownFileType = sourcecode.swift; path = AudioRecordServiceError.swift; sourceTree = "<group>"; };
		12E07DBD2A90A15500A276DD /* NLPService.swift */ = {isa = PBXFileReference; lastKnownFileType = sourcecode.swift; path = NLPService.swift; sourceTree = "<group>"; };
		12E07DBF2A90A19000A276DD /* MessageService.swift */ = {isa = PBXFileReference; lastKnownFileType = sourcecode.swift; path = MessageService.swift; sourceTree = "<group>"; };
		12E07DC32A90A28400A276DD /* BaseCoordinator.swift */ = {isa = PBXFileReference; lastKnownFileType = sourcecode.swift; path = BaseCoordinator.swift; sourceTree = "<group>"; };
		12E07DC52A90A29A00A276DD /* ApplicationCoordinator.swift */ = {isa = PBXFileReference; lastKnownFileType = sourcecode.swift; path = ApplicationCoordinator.swift; sourceTree = "<group>"; };
		12E07DC72A90A2BC00A276DD /* WelcomeCoordinator.swift */ = {isa = PBXFileReference; lastKnownFileType = sourcecode.swift; path = WelcomeCoordinator.swift; sourceTree = "<group>"; };
		12E07DC92A90A2D000A276DD /* AuthorizationCoordinator.swift */ = {isa = PBXFileReference; lastKnownFileType = sourcecode.swift; path = AuthorizationCoordinator.swift; sourceTree = "<group>"; };
		12E07DD62AA50C8E00A276DD /* Reachability.swift */ = {isa = PBXFileReference; lastKnownFileType = sourcecode.swift; path = Reachability.swift; sourceTree = "<group>"; };
		12E07DD82AA50CDA00A276DD /* Encodable+JSON.swift */ = {isa = PBXFileReference; lastKnownFileType = sourcecode.swift; path = "Encodable+JSON.swift"; sourceTree = "<group>"; };
		12E07DDA2AA50D0900A276DD /* ServiceConfig.swift */ = {isa = PBXFileReference; lastKnownFileType = sourcecode.swift; path = ServiceConfig.swift; sourceTree = "<group>"; };
		12E07DDF2AA50DB200A276DD /* NLPConfiguration.swift */ = {isa = PBXFileReference; lastKnownFileType = sourcecode.swift; path = NLPConfiguration.swift; sourceTree = "<group>"; };
		12E07DE22AA50E3800A276DD /* NLPMessage.proto */ = {isa = PBXFileReference; fileEncoding = 4; lastKnownFileType = sourcecode.protobuf; path = NLPMessage.proto; sourceTree = "<group>"; };
		12E07DE42AA50E5600A276DD /* NLPMessage.pb.swift */ = {isa = PBXFileReference; fileEncoding = 4; lastKnownFileType = sourcecode.swift; path = NLPMessage.pb.swift; sourceTree = "<group>"; };
		12E07DE62AA50E6600A276DD /* NLPMessage.swift */ = {isa = PBXFileReference; lastKnownFileType = sourcecode.swift; path = NLPMessage.swift; sourceTree = "<group>"; };
		12E07DE92AA50EBC00A276DD /* WebSocketConfigurationProtocol.swift */ = {isa = PBXFileReference; lastKnownFileType = sourcecode.swift; path = WebSocketConfigurationProtocol.swift; sourceTree = "<group>"; };
		12E07DEC2AA50EE500A276DD /* WebSocketConnectionProtocol.swift */ = {isa = PBXFileReference; lastKnownFileType = sourcecode.swift; path = WebSocketConnectionProtocol.swift; sourceTree = "<group>"; };
		12E07DEE2AA50F0B00A276DD /* WebSocketConnection.swift */ = {isa = PBXFileReference; lastKnownFileType = sourcecode.swift; path = WebSocketConnection.swift; sourceTree = "<group>"; };
		12E07DF02AA50F3800A276DD /* WebSocketError.swift */ = {isa = PBXFileReference; lastKnownFileType = sourcecode.swift; path = WebSocketError.swift; sourceTree = "<group>"; };
		12E07DF22AA50F5300A276DD /* WebSocketClient.swift */ = {isa = PBXFileReference; lastKnownFileType = sourcecode.swift; path = WebSocketClient.swift; sourceTree = "<group>"; };
		12E07DF52AA50F8000A276DD /* WebSocketMessageProtocol.swift */ = {isa = PBXFileReference; lastKnownFileType = sourcecode.swift; path = WebSocketMessageProtocol.swift; sourceTree = "<group>"; };
		12E07DF82AA50FB900A276DD /* ListRequestModel.swift */ = {isa = PBXFileReference; lastKnownFileType = sourcecode.swift; path = ListRequestModel.swift; sourceTree = "<group>"; };
		12E07DFB2AA50FEC00A276DD /* TasksOperation.swift */ = {isa = PBXFileReference; lastKnownFileType = sourcecode.swift; path = TasksOperation.swift; sourceTree = "<group>"; };
		12E07DFD2AA5100C00A276DD /* TasksListResponseModel.swift */ = {isa = PBXFileReference; lastKnownFileType = sourcecode.swift; path = TasksListResponseModel.swift; sourceTree = "<group>"; };
		12E07DFF2AA5102200A276DD /* ChangeTaskStatusResponseModel.swift */ = {isa = PBXFileReference; lastKnownFileType = sourcecode.swift; path = ChangeTaskStatusResponseModel.swift; sourceTree = "<group>"; };
		12E07E012AA5103300A276DD /* TaskRequestModel.swift */ = {isa = PBXFileReference; lastKnownFileType = sourcecode.swift; path = TaskRequestModel.swift; sourceTree = "<group>"; };
		12E07E032AA5104600A276DD /* TaskResponseModel.swift */ = {isa = PBXFileReference; lastKnownFileType = sourcecode.swift; path = TaskResponseModel.swift; sourceTree = "<group>"; };
		12E07E052AA5105A00A276DD /* TaskCommentListRequestModel.swift */ = {isa = PBXFileReference; lastKnownFileType = sourcecode.swift; path = TaskCommentListRequestModel.swift; sourceTree = "<group>"; };
		12E07E072AA5106B00A276DD /* TaskCommentListResponseModel.swift */ = {isa = PBXFileReference; lastKnownFileType = sourcecode.swift; path = TaskCommentListResponseModel.swift; sourceTree = "<group>"; };
		12E07E092AA5107C00A276DD /* CreateTaskCommentRequestModel.swift */ = {isa = PBXFileReference; lastKnownFileType = sourcecode.swift; path = CreateTaskCommentRequestModel.swift; sourceTree = "<group>"; };
		12E07E0B2AA5109100A276DD /* EditTaskCommentRequestModel.swift */ = {isa = PBXFileReference; lastKnownFileType = sourcecode.swift; path = EditTaskCommentRequestModel.swift; sourceTree = "<group>"; };
		12E07E0D2AA510A300A276DD /* TaskCommentResponseModel.swift */ = {isa = PBXFileReference; lastKnownFileType = sourcecode.swift; path = TaskCommentResponseModel.swift; sourceTree = "<group>"; };
		12E07E102AA510CB00A276DD /* Service.swift */ = {isa = PBXFileReference; lastKnownFileType = sourcecode.swift; path = Service.swift; sourceTree = "<group>"; };
		12E07E122AA510E400A276DD /* ServiceProtocol.swift */ = {isa = PBXFileReference; lastKnownFileType = sourcecode.swift; path = ServiceProtocol.swift; sourceTree = "<group>"; };
		12E07E142AA510FA00A276DD /* Request.swift */ = {isa = PBXFileReference; lastKnownFileType = sourcecode.swift; path = Request.swift; sourceTree = "<group>"; };
		12E07E172AA5111C00A276DD /* RequestProtocol.swift */ = {isa = PBXFileReference; lastKnownFileType = sourcecode.swift; path = RequestProtocol.swift; sourceTree = "<group>"; };
		12E07E192AA517D900A276DD /* ResponseProtocol.swift */ = {isa = PBXFileReference; lastKnownFileType = sourcecode.swift; path = ResponseProtocol.swift; sourceTree = "<group>"; };
		12E07E1C2AA5180C00A276DD /* AuthorizationOperation.swift */ = {isa = PBXFileReference; lastKnownFileType = sourcecode.swift; path = AuthorizationOperation.swift; sourceTree = "<group>"; };
		12E07E1E2AA5182800A276DD /* AuthorizationResponseModel.swift */ = {isa = PBXFileReference; lastKnownFileType = sourcecode.swift; path = AuthorizationResponseModel.swift; sourceTree = "<group>"; };
		12E07E212AA5187D00A276DD /* CompaniesOperation.swift */ = {isa = PBXFileReference; lastKnownFileType = sourcecode.swift; path = CompaniesOperation.swift; sourceTree = "<group>"; };
		12E07E232AA5189300A276DD /* CompaniesListResponseModel.swift */ = {isa = PBXFileReference; lastKnownFileType = sourcecode.swift; path = CompaniesListResponseModel.swift; sourceTree = "<group>"; };
		12E07E252AA518C900A276DD /* CompanyResponseModel.swift */ = {isa = PBXFileReference; lastKnownFileType = sourcecode.swift; path = CompanyResponseModel.swift; sourceTree = "<group>"; };
		12E07E272AA518FF00A276DD /* CompanyRequestModel.swift */ = {isa = PBXFileReference; lastKnownFileType = sourcecode.swift; path = CompanyRequestModel.swift; sourceTree = "<group>"; };
		12E07E292AA5191100A276DD /* CompanyChangeHistoryResponseModel.swift */ = {isa = PBXFileReference; lastKnownFileType = sourcecode.swift; path = CompanyChangeHistoryResponseModel.swift; sourceTree = "<group>"; };
		12E07E2B2AA5192500A276DD /* CommentsListRequestModel.swift */ = {isa = PBXFileReference; lastKnownFileType = sourcecode.swift; path = CommentsListRequestModel.swift; sourceTree = "<group>"; };
		12E07E2D2AA5193400A276DD /* CompanyCommentsListResponseModel.swift */ = {isa = PBXFileReference; lastKnownFileType = sourcecode.swift; path = CompanyCommentsListResponseModel.swift; sourceTree = "<group>"; };
		12E07E2F2AA5194700A276DD /* AddCompanyCommentRequestModel.swift */ = {isa = PBXFileReference; lastKnownFileType = sourcecode.swift; path = AddCompanyCommentRequestModel.swift; sourceTree = "<group>"; };
		12E07E312AA5195800A276DD /* CompanyCommentResponseModel.swift */ = {isa = PBXFileReference; lastKnownFileType = sourcecode.swift; path = CompanyCommentResponseModel.swift; sourceTree = "<group>"; };
		12E07E332AA5196B00A276DD /* EditCompanyCommentRequestModel.swift */ = {isa = PBXFileReference; lastKnownFileType = sourcecode.swift; path = EditCompanyCommentRequestModel.swift; sourceTree = "<group>"; };
		12E07E362AA5199100A276DD /* DealsOperation.swift */ = {isa = PBXFileReference; lastKnownFileType = sourcecode.swift; path = DealsOperation.swift; sourceTree = "<group>"; };
		12E07E382AA519B100A276DD /* DealsListResponseModel.swift */ = {isa = PBXFileReference; lastKnownFileType = sourcecode.swift; path = DealsListResponseModel.swift; sourceTree = "<group>"; };
		12E07E3A2AA51A6000A276DD /* CreateDealRequestModel.swift */ = {isa = PBXFileReference; lastKnownFileType = sourcecode.swift; path = CreateDealRequestModel.swift; sourceTree = "<group>"; };
		12E07E3C2AA51A7500A276DD /* CreateDealResponseModel.swift */ = {isa = PBXFileReference; lastKnownFileType = sourcecode.swift; path = CreateDealResponseModel.swift; sourceTree = "<group>"; };
		12E07E3E2AA51A8700A276DD /* UpdateDealStatusRequestModel.swift */ = {isa = PBXFileReference; lastKnownFileType = sourcecode.swift; path = UpdateDealStatusRequestModel.swift; sourceTree = "<group>"; };
		12E07E402AA51A9A00A276DD /* UpdateDealStatusResponseModel.swift */ = {isa = PBXFileReference; lastKnownFileType = sourcecode.swift; path = UpdateDealStatusResponseModel.swift; sourceTree = "<group>"; };
		12E07E422AA51AAF00A276DD /* DealCardRequestModel.swift */ = {isa = PBXFileReference; lastKnownFileType = sourcecode.swift; path = DealCardRequestModel.swift; sourceTree = "<group>"; };
		12E07E442AA51ABF00A276DD /* DealCardResponseModel.swift */ = {isa = PBXFileReference; lastKnownFileType = sourcecode.swift; path = DealCardResponseModel.swift; sourceTree = "<group>"; };
		12E07E462AA51ACF00A276DD /* DealGeneralInfoRequestModel.swift */ = {isa = PBXFileReference; lastKnownFileType = sourcecode.swift; path = DealGeneralInfoRequestModel.swift; sourceTree = "<group>"; };
		12E07E482AA51AE000A276DD /* DealGeneralInfoResponseModel.swift */ = {isa = PBXFileReference; lastKnownFileType = sourcecode.swift; path = DealGeneralInfoResponseModel.swift; sourceTree = "<group>"; };
		12E07E4A2AA51AF500A276DD /* DealStatusChangeHistoryRequestModel.swift */ = {isa = PBXFileReference; lastKnownFileType = sourcecode.swift; path = DealStatusChangeHistoryRequestModel.swift; sourceTree = "<group>"; };
		12E07E4C2AA51B0600A276DD /* DealStatusChangeHistoryResponseModel.swift */ = {isa = PBXFileReference; lastKnownFileType = sourcecode.swift; path = DealStatusChangeHistoryResponseModel.swift; sourceTree = "<group>"; };
		12E07E4E2AA51B1700A276DD /* EditDealCommentRequestModel.swift */ = {isa = PBXFileReference; lastKnownFileType = sourcecode.swift; path = EditDealCommentRequestModel.swift; sourceTree = "<group>"; };
		12E07E502AA51B2C00A276DD /* AddDealCommentRequestModel.swift */ = {isa = PBXFileReference; lastKnownFileType = sourcecode.swift; path = AddDealCommentRequestModel.swift; sourceTree = "<group>"; };
		12E07E522AA51B4000A276DD /* DeleteDealCommentRequestModel.swift */ = {isa = PBXFileReference; lastKnownFileType = sourcecode.swift; path = DeleteDealCommentRequestModel.swift; sourceTree = "<group>"; };
		12E07E542AA51B5000A276DD /* DealCommentsListResponseModel.swift */ = {isa = PBXFileReference; lastKnownFileType = sourcecode.swift; path = DealCommentsListResponseModel.swift; sourceTree = "<group>"; };
		12E07E562AA51B6300A276DD /* DealCommentResponseModel.swift */ = {isa = PBXFileReference; lastKnownFileType = sourcecode.swift; path = DealCommentResponseModel.swift; sourceTree = "<group>"; };
/* End PBXFileReference section */

/* Begin PBXFrameworksBuildPhase section */
		12E07D7B2A909D1700A276DD /* Frameworks */ = {
			isa = PBXFrameworksBuildPhase;
			buildActionMask = 2147483647;
			files = (
			);
			runOnlyForDeploymentPostprocessing = 0;
		};
/* End PBXFrameworksBuildPhase section */

/* Begin PBXGroup section */
		12090F052ACDE030009D03FC /* UIKit */ = {
			isa = PBXGroup;
			children = (
				12090F072ACDE04E009D03FC /* UIViewController+Puller.swift */,
				12090F062ACDE041009D03FC /* Components */,
			);
			path = UIKit;
			sourceTree = "<group>";
		};
		12090F062ACDE041009D03FC /* Components */ = {
			isa = PBXGroup;
			children = (
				12D1FAD12AF2C06E00BD9FF0 /* ChartView */,
				12090F312ACDE2C0009D03FC /* Views */,
				12090F152ACDE137009D03FC /* Controllers */,
				12090F102ACDE0DC009D03FC /* Bars */,
				12090F0D2ACDE0B2009D03FC /* Controls */,
			);
			path = Components;
			sourceTree = "<group>";
		};
		12090F0D2ACDE0B2009D03FC /* Controls */ = {
			isa = PBXGroup;
			children = (
				12090F092ACDE08D009D03FC /* CRMButton.swift */,
				12090F0B2ACDE0A8009D03FC /* CRMRadioButton.swift */,
				12090F0E2ACDE0C6009D03FC /* CRMTextFieldContainer.swift */,
			);
			path = Controls;
			sourceTree = "<group>";
		};
		12090F102ACDE0DC009D03FC /* Bars */ = {
			isa = PBXGroup;
			children = (
				12090F112ACDE0E8009D03FC /* CRMNavigationBar.swift */,
				12090F132ACDE0FF009D03FC /* CRMToolBar.swift */,
			);
			path = Bars;
			sourceTree = "<group>";
		};
		12090F152ACDE137009D03FC /* Controllers */ = {
			isa = PBXGroup;
			children = (
				12090F272ACDE222009D03FC /* Puller */,
				12090F1E2ACDE1AB009D03FC /* TabControl */,
				12090F162ACDE144009D03FC /* StickyHeaderViewController.swift */,
				12090F182ACDE162009D03FC /* CRMTabBarController.swift */,
				12090F1A2ACDE180009D03FC /* CRMNavigationControllerConfigurable.swift */,
				12090F1C2ACDE195009D03FC /* CRMNavigationController.swift */,
			);
			path = Controllers;
			sourceTree = "<group>";
		};
		12090F1E2ACDE1AB009D03FC /* TabControl */ = {
			isa = PBXGroup;
			children = (
				12090F1F2ACDE1BC009D03FC /* TabContainerViewController.swift */,
				12090F212ACDE1D5009D03FC /* TabControl.swift */,
				12090F232ACDE1F0009D03FC /* TabButton.swift */,
				12090F252ACDE205009D03FC /* TabItemModel.swift */,
			);
			path = TabControl;
			sourceTree = "<group>";
		};
		12090F272ACDE222009D03FC /* Puller */ = {
			isa = PBXGroup;
			children = (
				12090F282ACDE22D009D03FC /* PullerContent */,
				12090F292ACDE241009D03FC /* PullerViewController.swift */,
			);
			path = Puller;
			sourceTree = "<group>";
		};
		12090F282ACDE22D009D03FC /* PullerContent */ = {
			isa = PBXGroup;
			children = (
				12090F2B2ACDE260009D03FC /* PullerListTableViewController.swift */,
				12090F2D2ACDE27A009D03FC /* PullerListViewController.swift */,
				12090F2F2ACDE299009D03FC /* UIViewController+PullerStructure.swift */,
			);
			path = PullerContent;
			sourceTree = "<group>";
		};
		12090F312ACDE2C0009D03FC /* Views */ = {
			isa = PBXGroup;
			children = (
				12090F322ACDE2CB009D03FC /* GradientView.swift */,
			);
			path = Views;
			sourceTree = "<group>";
		};
		12D1FAD12AF2C06E00BD9FF0 /* ChartView */ = {
			isa = PBXGroup;
			children = (
				12D1FB212AF2C59200BD9FF0 /* Surfaces */,
				12D1FB182AF2C51000BD9FF0 /* Model */,
				12D1FAF02AF2C2F800BD9FF0 /* Style */,
				12D1FAD62AF2C14F00BD9FF0 /* Data provider */,
				12D1FAD22AF2C11A00BD9FF0 /* ChartView.swift */,
				12D1FAD42AF2C13700BD9FF0 /* ChartView+ChartType.swift */,
			);
			path = ChartView;
			sourceTree = "<group>";
		};
		12D1FAD62AF2C14F00BD9FF0 /* Data provider */ = {
			isa = PBXGroup;
			children = (
				12D1FAD72AF2C16000BD9FF0 /* Protocols */,
				12D1FAE82AF2C27D00BD9FF0 /* BarChartDataProvider.swift */,
				12D1FAEA2AF2C29200BD9FF0 /* TableChartDataProvider.swift */,
				12D1FAEC2AF2C2AB00BD9FF0 /* PieChartDataProvider.swift */,
				12D1FAEE2AF2C2BF00BD9FF0 /* LineChartDataProvider.swift */,
			);
			path = "Data provider";
			sourceTree = "<group>";
		};
		12D1FAD72AF2C16000BD9FF0 /* Protocols */ = {
			isa = PBXGroup;
			children = (
				12D1FAD82AF2C18400BD9FF0 /* ChartSummaryDataProviderProtocol.swift */,
				12D1FADA2AF2C19B00BD9FF0 /* ChartTableLegendDataProviderProtocol.swift */,
				12D1FADC2AF2C1D600BD9FF0 /* ChartPointsProviderProtocol.swift */,
				12D1FADE2AF2C1EC00BD9FF0 /* ChartHorizontalAxisDataProviderProtocol.swift */,
				12D1FAE02AF2C1FF00BD9FF0 /* ChartTableDataProviderProtocol.swift */,
				12D1FAE22AF2C21800BD9FF0 /* ChartPercentageDataProviderProtocol.swift */,
				12D1FAE42AF2C22C00BD9FF0 /* ChartVerticalAxisDataProviderProtocol.swift */,
				12D1FAE62AF2C25400BD9FF0 /* ChartDataProviderProtocol.swift */,
			);
			path = Protocols;
			sourceTree = "<group>";
		};
		12D1FAF02AF2C2F800BD9FF0 /* Style */ = {
			isa = PBXGroup;
			children = (
				12D1FAF72AF2C35D00BD9FF0 /* Protocols */,
				12D1FAF12AF2C30700BD9FF0 /* TableChartStyle.swift */,
				12D1FAF32AF2C31B00BD9FF0 /* PieChartStyle.swift */,
				12D1FAF52AF2C34200BD9FF0 /* BarChartStyle.swift */,
			);
			path = Style;
			sourceTree = "<group>";
		};
		12D1FAF72AF2C35D00BD9FF0 /* Protocols */ = {
			isa = PBXGroup;
			children = (
				12D1FB132AF2C4CF00BD9FF0 /* Bar */,
				12D1FB0E2AF2C49800BD9FF0 /* Table */,
				12D1FB072AF2C43800BD9FF0 /* Line */,
				12D1FAFD2AF2C3AA00BD9FF0 /* Common */,
				12D1FAF82AF2C36D00BD9FF0 /* Pie */,
			);
			path = Protocols;
			sourceTree = "<group>";
		};
		12D1FAF82AF2C36D00BD9FF0 /* Pie */ = {
			isa = PBXGroup;
			children = (
				12D1FAF92AF2C37B00BD9FF0 /* PieStyleProtocol.swift */,
				12D1FAFB2AF2C38E00BD9FF0 /* SummaryStyleProtocol.swift */,
			);
			path = Pie;
			sourceTree = "<group>";
		};
		12D1FAFD2AF2C3AA00BD9FF0 /* Common */ = {
			isa = PBXGroup;
			children = (
				12D1FB022AF2C3F200BD9FF0 /* Axis alignment */,
				12D1FAFE2AF2C3B500BD9FF0 /* HorizontalAxisStyleProtocol.swift */,
				12D1FB002AF2C3C500BD9FF0 /* VerticalAxisStyleProtocol.swift */,
			);
			path = Common;
			sourceTree = "<group>";
		};
		12D1FB022AF2C3F200BD9FF0 /* Axis alignment */ = {
			isa = PBXGroup;
			children = (
				12D1FB032AF2C40E00BD9FF0 /* AxisTextVerticalAlignment.swift */,
				12D1FB052AF2C42000BD9FF0 /* AxisTextHorizontalAlignment.swift */,
			);
			path = "Axis alignment";
			sourceTree = "<group>";
		};
		12D1FB072AF2C43800BD9FF0 /* Line */ = {
			isa = PBXGroup;
			children = (
				12D1FB082AF2C44300BD9FF0 /* LineStyleProtocol.swift */,
				12D1FB0A2AF2C45300BD9FF0 /* LineSelectionStyleProtocol.swift */,
				12D1FB0C2AF2C47D00BD9FF0 /* LineBackgroundStyleProtocol.swift */,
			);
			path = Line;
			sourceTree = "<group>";
		};
		12D1FB0E2AF2C49800BD9FF0 /* Table */ = {
			isa = PBXGroup;
			children = (
				12D1FB0F2AF2C4A300BD9FF0 /* TableStyleProtocol.swift */,
				12D1FB112AF2C4B800BD9FF0 /* TableLegendStyleProtocol.swift */,
			);
			path = Table;
			sourceTree = "<group>";
		};
		12D1FB132AF2C4CF00BD9FF0 /* Bar */ = {
			isa = PBXGroup;
			children = (
				12D1FB142AF2C4D900BD9FF0 /* BarBackgroundStyleProtocol.swift */,
				12D1FB162AF2C4EC00BD9FF0 /* BarStyleProtocol.swift */,
			);
			path = Bar;
			sourceTree = "<group>";
		};
		12D1FB182AF2C51000BD9FF0 /* Model */ = {
			isa = PBXGroup;
			children = (
				12D1FB192AF2C51D00BD9FF0 /* ChartModel.swift */,
				12D1FB1B2AF2C53000BD9FF0 /* ChartGroupType.swift */,
				12D1FB1D2AF2C54400BD9FF0 /* ChartStringValue.swift */,
				12D1FB1F2AF2C55800BD9FF0 /* ChartDateValue.swift */,
			);
			path = Model;
			sourceTree = "<group>";
		};
		12D1FB212AF2C59200BD9FF0 /* Surfaces */ = {
			isa = PBXGroup;
			children = (
				12D1FB3C2AF2C6C800BD9FF0 /* Bar */,
				12D1FB372AF2C67C00BD9FF0 /* Table */,
				12D1FB302AF2C63100BD9FF0 /* Line */,
				12D1FB2B2AF2C5FE00BD9FF0 /* Common */,
				12D1FB262AF2C5CC00BD9FF0 /* Pie */,
				12D1FB222AF2C5A300BD9FF0 /* ChartSurfaceProtocol.swift */,
				12D1FB242AF2C5B600BD9FF0 /* ChartSurfaceSelectableProtocol.swift */,
			);
			path = Surfaces;
			sourceTree = "<group>";
		};
		12D1FB262AF2C5CC00BD9FF0 /* Pie */ = {
			isa = PBXGroup;
			children = (
				12D1FB272AF2C5D700BD9FF0 /* PieChartLegendSurface.swift */,
				12D1FB292AF2C5EB00BD9FF0 /* PieChartSurface.swift */,
			);
			path = Pie;
			sourceTree = "<group>";
		};
		12D1FB2B2AF2C5FE00BD9FF0 /* Common */ = {
			isa = PBXGroup;
			children = (
				12D1FB2C2AF2C60800BD9FF0 /* HorizontalAxisSurface.swift */,
				12D1FB2E2AF2C61A00BD9FF0 /* VerticalAxisSurface.swift */,
			);
			path = Common;
			sourceTree = "<group>";
		};
		12D1FB302AF2C63100BD9FF0 /* Line */ = {
			isa = PBXGroup;
			children = (
				12D1FB312AF2C63C00BD9FF0 /* LineChartSurface.swift */,
				12D1FB332AF2C65100BD9FF0 /* ChartSelectionLayer.swift */,
				12D1FB352AF2C66500BD9FF0 /* LineBackgroundSurface.swift */,
			);
			path = Line;
			sourceTree = "<group>";
		};
		12D1FB372AF2C67C00BD9FF0 /* Table */ = {
			isa = PBXGroup;
			children = (
				12D1FB382AF2C69900BD9FF0 /* TableLegendSurface.swift */,
				12D1FB3A2AF2C6AB00BD9FF0 /* TableChartSurface.swift */,
			);
			path = Table;
			sourceTree = "<group>";
		};
		12D1FB3C2AF2C6C800BD9FF0 /* Bar */ = {
			isa = PBXGroup;
			children = (
				12D1FB3D2AF2C6D300BD9FF0 /* BarBackgroundSurface.swift */,
				12D1FB3F2AF2C71800BD9FF0 /* BarChartSurface.swift */,
			);
			path = Bar;
			sourceTree = "<group>";
		};
		12E07D752A909D1700A276DD = {
			isa = PBXGroup;
			children = (
				12E07D802A909D1700A276DD /* CRM */,
				12E07D7F2A909D1700A276DD /* Products */,
			);
			sourceTree = "<group>";
		};
		12E07D7F2A909D1700A276DD /* Products */ = {
			isa = PBXGroup;
			children = (
				12E07D7E2A909D1700A276DD /* CRM.app */,
			);
			name = Products;
			sourceTree = "<group>";
		};
		12E07D802A909D1700A276DD /* CRM */ = {
			isa = PBXGroup;
			children = (
				12090F052ACDE030009D03FC /* UIKit */,
				12E07DC12A90A1E500A276DD /* Network */,
				12E07D962A909EC100A276DD /* Resources */,
				12E07D952A909EBC00A276DD /* Sources */,
			);
			path = CRM;
			sourceTree = "<group>";
		};
		12E07D952A909EBC00A276DD /* Sources */ = {
			isa = PBXGroup;
			children = (
				12E07DC22A90A26C00A276DD /* Coordinators */,
				12E07D9C2A909F8A00A276DD /* Entities */,
				12E07D972A909EFE00A276DD /* Services */,
				12E07D812A909D1700A276DD /* AppDelegate.swift */,
				12E07D832A909D1700A276DD /* SceneDelegate.swift */,
				12E07D852A909D1700A276DD /* ViewController.swift */,
				12E07D872A909D1700A276DD /* Main.storyboard */,
				12E07D8C2A909D1900A276DD /* LaunchScreen.storyboard */,
			);
			path = Sources;
			sourceTree = "<group>";
		};
		12E07D962A909EC100A276DD /* Resources */ = {
			isa = PBXGroup;
			children = (
				12E07D8A2A909D1800A276DD /* Assets.xcassets */,
				12E07D8F2A909D1900A276DD /* Info.plist */,
			);
			path = Resources;
			sourceTree = "<group>";
		};
		12E07D972A909EFE00A276DD /* Services */ = {
			isa = PBXGroup;
			children = (
				12E07DB32A90A0BE00A276DD /* Message */,
				12E07D982A909F1200A276DD /* ProductService.swift */,
				12E07DAD2A90A08700A276DD /* CompanyService.swift */,
				12E07DAF2A90A09800A276DD /* DealService.swift */,
				12E07DB12A90A0A800A276DD /* TaskService.swift */,
				12E07D9A2A909F4E00A276DD /* ContactService.swift */,
			);
			path = Services;
			sourceTree = "<group>";
		};
		12E07D9C2A909F8A00A276DD /* Entities */ = {
			isa = PBXGroup;
			children = (
				12E07D9D2A909F9B00A276DD /* ContactEntity.swift */,
				12E07D9F2A909FB400A276DD /* UserEntity.swift */,
				12E07DA12A909FDB00A276DD /* DealEntity.swift */,
				12E07DA32A90A00700A276DD /* DealFilterEntity.swift */,
				12E07DA52A90A01F00A276DD /* TaskEntity.swift */,
				12E07DA72A90A03500A276DD /* TaskFilterEntity.swift */,
				12E07DA92A90A04D00A276DD /* CompanyEntity.swift */,
				12E07DAB2A90A06000A276DD /* CompanyFilterEntity.swift */,
			);
			path = Entities;
			sourceTree = "<group>";
		};
		12E07DB32A90A0BE00A276DD /* Message */ = {
			isa = PBXGroup;
			children = (
				12E07DB42A90A0CE00A276DD /* AudioRecord */,
				12E07DBD2A90A15500A276DD /* NLPService.swift */,
				12E07DBF2A90A19000A276DD /* MessageService.swift */,
			);
			path = Message;
			sourceTree = "<group>";
		};
		12E07DB42A90A0CE00A276DD /* AudioRecord */ = {
			isa = PBXGroup;
			children = (
				12E07DB52A90A0E200A276DD /* AudioRecordServiceDelegate.swift */,
				12E07DB72A90A0FA00A276DD /* AudioRecordServiceProtocol.swift */,
				12E07DB92A90A10A00A276DD /* AudioRecordService.swift */,
				12E07DBB2A90A13A00A276DD /* AudioRecordServiceError.swift */,
			);
			path = AudioRecord;
			sourceTree = "<group>";
		};
		12E07DC12A90A1E500A276DD /* Network */ = {
			isa = PBXGroup;
			children = (
				12E07E352AA5198500A276DD /* Deals */,
				12E07E202AA5186100A276DD /* Companies */,
				12E07E1B2AA5180000A276DD /* Authorization */,
				12E07E0F2AA510BF00A276DD /* Service */,
				12E07DFA2AA50FDC00A276DD /* Tasks */,
				12E07DF72AA50FAD00A276DD /* Common */,
				12E07DDC2AA50D2A00A276DD /* WebSocket */,
				12E07DD62AA50C8E00A276DD /* Reachability.swift */,
				12E07DD82AA50CDA00A276DD /* Encodable+JSON.swift */,
				12E07DDA2AA50D0900A276DD /* ServiceConfig.swift */,
			);
			path = Network;
			sourceTree = "<group>";
		};
		12E07DC22A90A26C00A276DD /* Coordinators */ = {
			isa = PBXGroup;
			children = (
				12E07DC32A90A28400A276DD /* BaseCoordinator.swift */,
				12E07DC52A90A29A00A276DD /* ApplicationCoordinator.swift */,
				12E07DC72A90A2BC00A276DD /* WelcomeCoordinator.swift */,
				12E07DC92A90A2D000A276DD /* AuthorizationCoordinator.swift */,
			);
			path = Coordinators;
			sourceTree = "<group>";
		};
		12E07DDC2AA50D2A00A276DD /* WebSocket */ = {
			isa = PBXGroup;
			children = (
				12E07DDE2AA50D4800A276DD /* NLP */,
				12E07DDD2AA50D3900A276DD /* Core */,
			);
			path = WebSocket;
			sourceTree = "<group>";
		};
		12E07DDD2AA50D3900A276DD /* Core */ = {
			isa = PBXGroup;
			children = (
				12E07DF42AA50F7400A276DD /* Message */,
				12E07DEB2AA50ED900A276DD /* Connection */,
				12E07DE82AA50EA500A276DD /* Configuration */,
				12E07DF02AA50F3800A276DD /* WebSocketError.swift */,
				12E07DF22AA50F5300A276DD /* WebSocketClient.swift */,
			);
			path = Core;
			sourceTree = "<group>";
		};
		12E07DDE2AA50D4800A276DD /* NLP */ = {
			isa = PBXGroup;
			children = (
				12E07DE12AA50E0400A276DD /* Proto */,
				12E07DDF2AA50DB200A276DD /* NLPConfiguration.swift */,
			);
			path = NLP;
			sourceTree = "<group>";
		};
		12E07DE12AA50E0400A276DD /* Proto */ = {
			isa = PBXGroup;
			children = (
				12E07DE42AA50E5600A276DD /* NLPMessage.pb.swift */,
				12E07DE22AA50E3800A276DD /* NLPMessage.proto */,
				12E07DE62AA50E6600A276DD /* NLPMessage.swift */,
			);
			path = Proto;
			sourceTree = "<group>";
		};
		12E07DE82AA50EA500A276DD /* Configuration */ = {
			isa = PBXGroup;
			children = (
				12E07DE92AA50EBC00A276DD /* WebSocketConfigurationProtocol.swift */,
			);
			path = Configuration;
			sourceTree = "<group>";
		};
		12E07DEB2AA50ED900A276DD /* Connection */ = {
			isa = PBXGroup;
			children = (
				12E07DEC2AA50EE500A276DD /* WebSocketConnectionProtocol.swift */,
				12E07DEE2AA50F0B00A276DD /* WebSocketConnection.swift */,
			);
			path = Connection;
			sourceTree = "<group>";
		};
		12E07DF42AA50F7400A276DD /* Message */ = {
			isa = PBXGroup;
			children = (
				12E07DF52AA50F8000A276DD /* WebSocketMessageProtocol.swift */,
			);
			path = Message;
			sourceTree = "<group>";
		};
		12E07DF72AA50FAD00A276DD /* Common */ = {
			isa = PBXGroup;
			children = (
				12E07DF82AA50FB900A276DD /* ListRequestModel.swift */,
			);
			path = Common;
			sourceTree = "<group>";
		};
		12E07DFA2AA50FDC00A276DD /* Tasks */ = {
			isa = PBXGroup;
			children = (
				12E07DFB2AA50FEC00A276DD /* TasksOperation.swift */,
				12E07DFD2AA5100C00A276DD /* TasksListResponseModel.swift */,
				12E07DFF2AA5102200A276DD /* ChangeTaskStatusResponseModel.swift */,
				12E07E012AA5103300A276DD /* TaskRequestModel.swift */,
				12E07E032AA5104600A276DD /* TaskResponseModel.swift */,
				12E07E052AA5105A00A276DD /* TaskCommentListRequestModel.swift */,
				12E07E072AA5106B00A276DD /* TaskCommentListResponseModel.swift */,
				12E07E092AA5107C00A276DD /* CreateTaskCommentRequestModel.swift */,
				12E07E0B2AA5109100A276DD /* EditTaskCommentRequestModel.swift */,
				12E07E0D2AA510A300A276DD /* TaskCommentResponseModel.swift */,
			);
			path = Tasks;
			sourceTree = "<group>";
		};
		12E07E0F2AA510BF00A276DD /* Service */ = {
			isa = PBXGroup;
			children = (
				12E07E162AA5110F00A276DD /* Protocols */,
				12E07E102AA510CB00A276DD /* Service.swift */,
				12E07E122AA510E400A276DD /* ServiceProtocol.swift */,
				12E07E142AA510FA00A276DD /* Request.swift */,
			);
			path = Service;
			sourceTree = "<group>";
		};
		12E07E162AA5110F00A276DD /* Protocols */ = {
			isa = PBXGroup;
			children = (
				12E07E172AA5111C00A276DD /* RequestProtocol.swift */,
				12E07E192AA517D900A276DD /* ResponseProtocol.swift */,
			);
			path = Protocols;
			sourceTree = "<group>";
		};
		12E07E1B2AA5180000A276DD /* Authorization */ = {
			isa = PBXGroup;
			children = (
				12E07E1C2AA5180C00A276DD /* AuthorizationOperation.swift */,
				12E07E1E2AA5182800A276DD /* AuthorizationResponseModel.swift */,
			);
			path = Authorization;
			sourceTree = "<group>";
		};
		12E07E202AA5186100A276DD /* Companies */ = {
			isa = PBXGroup;
			children = (
				12E07E212AA5187D00A276DD /* CompaniesOperation.swift */,
				12E07E232AA5189300A276DD /* CompaniesListResponseModel.swift */,
				12E07E252AA518C900A276DD /* CompanyResponseModel.swift */,
				12E07E272AA518FF00A276DD /* CompanyRequestModel.swift */,
				12E07E292AA5191100A276DD /* CompanyChangeHistoryResponseModel.swift */,
				12E07E2B2AA5192500A276DD /* CommentsListRequestModel.swift */,
				12E07E2D2AA5193400A276DD /* CompanyCommentsListResponseModel.swift */,
				12E07E2F2AA5194700A276DD /* AddCompanyCommentRequestModel.swift */,
				12E07E312AA5195800A276DD /* CompanyCommentResponseModel.swift */,
				12E07E332AA5196B00A276DD /* EditCompanyCommentRequestModel.swift */,
			);
			path = Companies;
			sourceTree = "<group>";
		};
		12E07E352AA5198500A276DD /* Deals */ = {
			isa = PBXGroup;
			children = (
				12E07E362AA5199100A276DD /* DealsOperation.swift */,
				12E07E382AA519B100A276DD /* DealsListResponseModel.swift */,
				12E07E3A2AA51A6000A276DD /* CreateDealRequestModel.swift */,
				12E07E3C2AA51A7500A276DD /* CreateDealResponseModel.swift */,
				12E07E3E2AA51A8700A276DD /* UpdateDealStatusRequestModel.swift */,
				12E07E402AA51A9A00A276DD /* UpdateDealStatusResponseModel.swift */,
				12E07E422AA51AAF00A276DD /* DealCardRequestModel.swift */,
				12E07E442AA51ABF00A276DD /* DealCardResponseModel.swift */,
				12E07E462AA51ACF00A276DD /* DealGeneralInfoRequestModel.swift */,
				12E07E482AA51AE000A276DD /* DealGeneralInfoResponseModel.swift */,
				12E07E4A2AA51AF500A276DD /* DealStatusChangeHistoryRequestModel.swift */,
				12E07E4C2AA51B0600A276DD /* DealStatusChangeHistoryResponseModel.swift */,
				12E07E4E2AA51B1700A276DD /* EditDealCommentRequestModel.swift */,
				12E07E502AA51B2C00A276DD /* AddDealCommentRequestModel.swift */,
				12E07E522AA51B4000A276DD /* DeleteDealCommentRequestModel.swift */,
				12E07E542AA51B5000A276DD /* DealCommentsListResponseModel.swift */,
				12E07E562AA51B6300A276DD /* DealCommentResponseModel.swift */,
			);
			path = Deals;
			sourceTree = "<group>";
		};
/* End PBXGroup section */

/* Begin PBXNativeTarget section */
		12E07D7D2A909D1700A276DD /* CRM */ = {
			isa = PBXNativeTarget;
			buildConfigurationList = 12E07D922A909D1900A276DD /* Build configuration list for PBXNativeTarget "CRM" */;
			buildPhases = (
				12E07D7A2A909D1700A276DD /* Sources */,
				12E07D7B2A909D1700A276DD /* Frameworks */,
				12E07D7C2A909D1700A276DD /* Resources */,
			);
			buildRules = (
			);
			dependencies = (
			);
			name = CRM;
			productName = CRM;
			productReference = 12E07D7E2A909D1700A276DD /* CRM.app */;
			productType = "com.apple.product-type.application";
		};
/* End PBXNativeTarget section */

/* Begin PBXProject section */
		12E07D762A909D1700A276DD /* Project object */ = {
			isa = PBXProject;
			attributes = {
				BuildIndependentTargetsInParallel = 1;
				LastSwiftUpdateCheck = 1410;
				LastUpgradeCheck = 1410;
				TargetAttributes = {
					12E07D7D2A909D1700A276DD = {
						CreatedOnToolsVersion = 14.1;
					};
				};
			};
			buildConfigurationList = 12E07D792A909D1700A276DD /* Build configuration list for PBXProject "CRM" */;
			compatibilityVersion = "Xcode 14.0";
			developmentRegion = en;
			hasScannedForEncodings = 0;
			knownRegions = (
				en,
				Base,
			);
			mainGroup = 12E07D752A909D1700A276DD;
			productRefGroup = 12E07D7F2A909D1700A276DD /* Products */;
			projectDirPath = "";
			projectRoot = "";
			targets = (
				12E07D7D2A909D1700A276DD /* CRM */,
			);
		};
/* End PBXProject section */

/* Begin PBXResourcesBuildPhase section */
		12E07D7C2A909D1700A276DD /* Resources */ = {
			isa = PBXResourcesBuildPhase;
			buildActionMask = 2147483647;
			files = (
				12E07D8E2A909D1900A276DD /* LaunchScreen.storyboard in Resources */,
				12E07D8B2A909D1800A276DD /* Assets.xcassets in Resources */,
				12E07D892A909D1700A276DD /* Main.storyboard in Resources */,
			);
			runOnlyForDeploymentPostprocessing = 0;
		};
/* End PBXResourcesBuildPhase section */

/* Begin PBXSourcesBuildPhase section */
		12E07D7A2A909D1700A276DD /* Sources */ = {
			isa = PBXSourcesBuildPhase;
			buildActionMask = 2147483647;
			files = (
				12D1FB012AF2C3C500BD9FF0 /* VerticalAxisStyleProtocol.swift in Sources */,
				12D1FAE32AF2C21800BD9FF0 /* ChartPercentageDataProviderProtocol.swift in Sources */,
				12090F332ACDE2CB009D03FC /* GradientView.swift in Sources */,
				12E07DBC2A90A13A00A276DD /* AudioRecordServiceError.swift in Sources */,
				12E07DFC2AA50FEC00A276DD /* TasksOperation.swift in Sources */,
				12E07E152AA510FA00A276DD /* Request.swift in Sources */,
				12090F222ACDE1D5009D03FC /* TabControl.swift in Sources */,
				12E07DB22A90A0A800A276DD /* TaskService.swift in Sources */,
				12E07E082AA5106B00A276DD /* TaskCommentListResponseModel.swift in Sources */,
				12E07D862A909D1700A276DD /* ViewController.swift in Sources */,
				12E07DEF2AA50F0B00A276DD /* WebSocketConnection.swift in Sources */,
				12E07DDB2AA50D0900A276DD /* ServiceConfig.swift in Sources */,
				12E07E322AA5195800A276DD /* CompanyCommentResponseModel.swift in Sources */,
				12D1FB042AF2C40E00BD9FF0 /* AxisTextVerticalAlignment.swift in Sources */,
				12D1FB152AF2C4D900BD9FF0 /* BarBackgroundStyleProtocol.swift in Sources */,
				12E07D992A909F1200A276DD /* ProductService.swift in Sources */,
				12E07E182AA5111C00A276DD /* RequestProtocol.swift in Sources */,
				12090F082ACDE04E009D03FC /* UIViewController+Puller.swift in Sources */,
				12D1FAF22AF2C30700BD9FF0 /* TableChartStyle.swift in Sources */,
				12E07DBE2A90A15500A276DD /* NLPService.swift in Sources */,
				12E07E0E2AA510A300A276DD /* TaskCommentResponseModel.swift in Sources */,
				12E07E552AA51B5000A276DD /* DealCommentsListResponseModel.swift in Sources */,
				12D1FB342AF2C65100BD9FF0 /* ChartSelectionLayer.swift in Sources */,
				12E07E452AA51ABF00A276DD /* DealCardResponseModel.swift in Sources */,
				12E07E472AA51ACF00A276DD /* DealGeneralInfoRequestModel.swift in Sources */,
				12D1FB252AF2C5B600BD9FF0 /* ChartSurfaceSelectableProtocol.swift in Sources */,
				12E07DD72AA50C8E00A276DD /* Reachability.swift in Sources */,
				12D1FB0B2AF2C45300BD9FF0 /* LineSelectionStyleProtocol.swift in Sources */,
				12E07E1F2AA5182800A276DD /* AuthorizationResponseModel.swift in Sources */,
				12E07E112AA510CB00A276DD /* Service.swift in Sources */,
				12E07D822A909D1700A276DD /* AppDelegate.swift in Sources */,
				12D1FB2D2AF2C60800BD9FF0 /* HorizontalAxisSurface.swift in Sources */,
				12E07E242AA5189300A276DD /* CompaniesListResponseModel.swift in Sources */,
				12090F142ACDE0FF009D03FC /* CRMToolBar.swift in Sources */,
				12D1FAEB2AF2C29200BD9FF0 /* TableChartDataProvider.swift in Sources */,
				12090F122ACDE0E8009D03FC /* CRMNavigationBar.swift in Sources */,
				12090F0C2ACDE0A8009D03FC /* CRMRadioButton.swift in Sources */,
				12E07E4D2AA51B0600A276DD /* DealStatusChangeHistoryResponseModel.swift in Sources */,
				12E07DAE2A90A08700A276DD /* CompanyService.swift in Sources */,
				12D1FAFA2AF2C37B00BD9FF0 /* PieStyleProtocol.swift in Sources */,
				12D1FAE52AF2C22C00BD9FF0 /* ChartVerticalAxisDataProviderProtocol.swift in Sources */,
				12E07E512AA51B2C00A276DD /* AddDealCommentRequestModel.swift in Sources */,
				12E07E3D2AA51A7500A276DD /* CreateDealResponseModel.swift in Sources */,
				12E07D9B2A909F4E00A276DD /* ContactService.swift in Sources */,
				12E07DD92AA50CDA00A276DD /* Encodable+JSON.swift in Sources */,
				12D1FB3B2AF2C6AB00BD9FF0 /* TableChartSurface.swift in Sources */,
				12D1FB122AF2C4B800BD9FF0 /* TableLegendStyleProtocol.swift in Sources */,
				12090F202ACDE1BC009D03FC /* TabContainerViewController.swift in Sources */,
				12E07E492AA51AE000A276DD /* DealGeneralInfoResponseModel.swift in Sources */,
				12E07DAC2A90A06000A276DD /* CompanyFilterEntity.swift in Sources */,
				12D1FAF42AF2C31C00BD9FF0 /* PieChartStyle.swift in Sources */,
				12E07E432AA51AAF00A276DD /* DealCardRequestModel.swift in Sources */,
				12090F2E2ACDE27A009D03FC /* PullerListViewController.swift in Sources */,
				12E07DB02A90A09800A276DD /* DealService.swift in Sources */,
				12E07DB82A90A0FA00A276DD /* AudioRecordServiceProtocol.swift in Sources */,
				12E07E132AA510E400A276DD /* ServiceProtocol.swift in Sources */,
				12090F242ACDE1F0009D03FC /* TabButton.swift in Sources */,
				12E07E4F2AA51B1700A276DD /* EditDealCommentRequestModel.swift in Sources */,
				12090F0F2ACDE0C6009D03FC /* CRMTextFieldContainer.swift in Sources */,
				12E07E572AA51B6300A276DD /* DealCommentResponseModel.swift in Sources */,
				12E07DA82A90A03500A276DD /* TaskFilterEntity.swift in Sources */,
				12D1FAEF2AF2C2BF00BD9FF0 /* LineChartDataProvider.swift in Sources */,
				12D1FB402AF2C71800BD9FF0 /* BarChartSurface.swift in Sources */,
				12D1FB232AF2C5A300BD9FF0 /* ChartSurfaceProtocol.swift in Sources */,
				12D1FB3E2AF2C6D300BD9FF0 /* BarBackgroundSurface.swift in Sources */,
				12D1FAFF2AF2C3B500BD9FF0 /* HorizontalAxisStyleProtocol.swift in Sources */,
				12090F262ACDE205009D03FC /* TabItemModel.swift in Sources */,
				12D1FB282AF2C5D700BD9FF0 /* PieChartLegendSurface.swift in Sources */,
				12D1FB062AF2C42000BD9FF0 /* AxisTextHorizontalAlignment.swift in Sources */,
				12E07E0A2AA5107C00A276DD /* CreateTaskCommentRequestModel.swift in Sources */,
				12D1FB1A2AF2C51D00BD9FF0 /* ChartModel.swift in Sources */,
				12D1FAF62AF2C34200BD9FF0 /* BarChartStyle.swift in Sources */,
				12D1FAD92AF2C18400BD9FF0 /* ChartSummaryDataProviderProtocol.swift in Sources */,
				12090F192ACDE162009D03FC /* CRMTabBarController.swift in Sources */,
				12090F302ACDE299009D03FC /* UIViewController+PullerStructure.swift in Sources */,
				12E07E392AA519B100A276DD /* DealsListResponseModel.swift in Sources */,
				12E07DF62AA50F8000A276DD /* WebSocketMessageProtocol.swift in Sources */,
				12D1FB102AF2C4A300BD9FF0 /* TableStyleProtocol.swift in Sources */,
				12090F2C2ACDE260009D03FC /* PullerListTableViewController.swift in Sources */,
				12D1FADF2AF2C1EC00BD9FF0 /* ChartHorizontalAxisDataProviderProtocol.swift in Sources */,
				12D1FB362AF2C66500BD9FF0 /* LineBackgroundSurface.swift in Sources */,
				12E07E1D2AA5180C00A276DD /* AuthorizationOperation.swift in Sources */,
				12E07DC82A90A2BC00A276DD /* WelcomeCoordinator.swift in Sources */,
				12E07DFE2AA5100C00A276DD /* TasksListResponseModel.swift in Sources */,
				12E07E302AA5194700A276DD /* AddCompanyCommentRequestModel.swift in Sources */,
				12D1FB1C2AF2C53000BD9FF0 /* ChartGroupType.swift in Sources */,
				12E07DB62A90A0E200A276DD /* AudioRecordServiceDelegate.swift in Sources */,
				12D1FB202AF2C55800BD9FF0 /* ChartDateValue.swift in Sources */,
				12E07E2A2AA5191100A276DD /* CompanyChangeHistoryResponseModel.swift in Sources */,
				12D1FB322AF2C63C00BD9FF0 /* LineChartSurface.swift in Sources */,
				12E07DA02A909FB400A276DD /* UserEntity.swift in Sources */,
				12E07E022AA5103300A276DD /* TaskRequestModel.swift in Sources */,
				12E07E002AA5102200A276DD /* ChangeTaskStatusResponseModel.swift in Sources */,
				12E07DAA2A90A04D00A276DD /* CompanyEntity.swift in Sources */,
				12D1FB092AF2C44300BD9FF0 /* LineStyleProtocol.swift in Sources */,
				12E07DED2AA50EE500A276DD /* WebSocketConnectionProtocol.swift in Sources */,
				12E07E222AA5187D00A276DD /* CompaniesOperation.swift in Sources */,
				12E07DA62A90A01F00A276DD /* TaskEntity.swift in Sources */,
				12E07E0C2AA5109100A276DD /* EditTaskCommentRequestModel.swift in Sources */,
				12E07E3F2AA51A8700A276DD /* UpdateDealStatusRequestModel.swift in Sources */,
				12E07DEA2AA50EBC00A276DD /* WebSocketConfigurationProtocol.swift in Sources */,
				12E07E4B2AA51AF500A276DD /* DealStatusChangeHistoryRequestModel.swift in Sources */,
				12E07DC42A90A28400A276DD /* BaseCoordinator.swift in Sources */,
				12E07E2C2AA5192500A276DD /* CommentsListRequestModel.swift in Sources */,
				12E07DE02AA50DB200A276DD /* NLPConfiguration.swift in Sources */,
				12E07D842A909D1700A276DD /* SceneDelegate.swift in Sources */,
				12E07DF32AA50F5300A276DD /* WebSocketClient.swift in Sources */,
				12E07E282AA518FF00A276DD /* CompanyRequestModel.swift in Sources */,
				12E07E372AA5199100A276DD /* DealsOperation.swift in Sources */,
				12D1FADB2AF2C19B00BD9FF0 /* ChartTableLegendDataProviderProtocol.swift in Sources */,
				12090F0A2ACDE08D009D03FC /* CRMButton.swift in Sources */,
				12090F1D2ACDE195009D03FC /* CRMNavigationController.swift in Sources */,
				12D1FAD32AF2C11A00BD9FF0 /* ChartView.swift in Sources */,
				12E07DC02A90A19000A276DD /* MessageService.swift in Sources */,
				12D1FB1E2AF2C54400BD9FF0 /* ChartStringValue.swift in Sources */,
				12E07DCA2A90A2D000A276DD /* AuthorizationCoordinator.swift in Sources */,
				12090F1B2ACDE180009D03FC /* CRMNavigationControllerConfigurable.swift in Sources */,
				12D1FAD52AF2C13700BD9FF0 /* ChartView+ChartType.swift in Sources */,
				12E07DA22A909FDB00A276DD /* DealEntity.swift in Sources */,
				12E07DF92AA50FB900A276DD /* ListRequestModel.swift in Sources */,
				12D1FADD2AF2C1D600BD9FF0 /* ChartPointsProviderProtocol.swift in Sources */,
				12E07DE72AA50E6600A276DD /* NLPMessage.swift in Sources */,
				12D1FB2F2AF2C61A00BD9FF0 /* VerticalAxisSurface.swift in Sources */,
				12090F2A2ACDE241009D03FC /* PullerViewController.swift in Sources */,
				12E07E532AA51B4000A276DD /* DeleteDealCommentRequestModel.swift in Sources */,
				12090F172ACDE144009D03FC /* StickyHeaderViewController.swift in Sources */,
				12D1FB392AF2C69900BD9FF0 /* TableLegendSurface.swift in Sources */,
				12E07DA42A90A00700A276DD /* DealFilterEntity.swift in Sources */,
				12E07DF12AA50F3800A276DD /* WebSocketError.swift in Sources */,
				12E07E412AA51A9A00A276DD /* UpdateDealStatusResponseModel.swift in Sources */,
				12E07DE32AA50E3800A276DD /* NLPMessage.proto in Sources */,
				12E07E342AA5196B00A276DD /* EditCompanyCommentRequestModel.swift in Sources */,
				12D1FAED2AF2C2AB00BD9FF0 /* PieChartDataProvider.swift in Sources */,
				12E07D9E2A909F9B00A276DD /* ContactEntity.swift in Sources */,
				12E07E042AA5104600A276DD /* TaskResponseModel.swift in Sources */,
				12D1FB172AF2C4EC00BD9FF0 /* BarStyleProtocol.swift in Sources */,
				12D1FAE92AF2C27D00BD9FF0 /* BarChartDataProvider.swift in Sources */,
				12E07E062AA5105A00A276DD /* TaskCommentListRequestModel.swift in Sources */,
				12E07E2E2AA5193400A276DD /* CompanyCommentsListResponseModel.swift in Sources */,
				12E07E1A2AA517D900A276DD /* ResponseProtocol.swift in Sources */,
				12D1FAFC2AF2C38E00BD9FF0 /* SummaryStyleProtocol.swift in Sources */,
				12E07E3B2AA51A6000A276DD /* CreateDealRequestModel.swift in Sources */,
				12D1FB2A2AF2C5EB00BD9FF0 /* PieChartSurface.swift in Sources */,
				12E07E262AA518C900A276DD /* CompanyResponseModel.swift in Sources */,
				12D1FB0D2AF2C47D00BD9FF0 /* LineBackgroundStyleProtocol.swift in Sources */,
				12D1FAE12AF2C1FF00BD9FF0 /* ChartTableDataProviderProtocol.swift in Sources */,
				12E07DE52AA50E5600A276DD /* NLPMessage.pb.swift in Sources */,
				12E07DBA2A90A10A00A276DD /* AudioRecordService.swift in Sources */,
				12E07DC62A90A29A00A276DD /* ApplicationCoordinator.swift in Sources */,
				12D1FAE72AF2C25400BD9FF0 /* ChartDataProviderProtocol.swift in Sources */,
			);
			runOnlyForDeploymentPostprocessing = 0;
		};
/* End PBXSourcesBuildPhase section */

/* Begin PBXVariantGroup section */
		12E07D872A909D1700A276DD /* Main.storyboard */ = {
			isa = PBXVariantGroup;
			children = (
				12E07D882A909D1700A276DD /* Base */,
			);
			name = Main.storyboard;
			sourceTree = "<group>";
		};
		12E07D8C2A909D1900A276DD /* LaunchScreen.storyboard */ = {
			isa = PBXVariantGroup;
			children = (
				12E07D8D2A909D1900A276DD /* Base */,
			);
			name = LaunchScreen.storyboard;
			sourceTree = "<group>";
		};
/* End PBXVariantGroup section */

/* Begin XCBuildConfiguration section */
		12E07D902A909D1900A276DD /* Debug */ = {
			isa = XCBuildConfiguration;
			buildSettings = {
				ALWAYS_SEARCH_USER_PATHS = NO;
				CLANG_ANALYZER_NONNULL = YES;
				CLANG_ANALYZER_NUMBER_OBJECT_CONVERSION = YES_AGGRESSIVE;
				CLANG_CXX_LANGUAGE_STANDARD = "gnu++20";
				CLANG_ENABLE_MODULES = YES;
				CLANG_ENABLE_OBJC_ARC = YES;
				CLANG_ENABLE_OBJC_WEAK = YES;
				CLANG_WARN_BLOCK_CAPTURE_AUTORELEASING = YES;
				CLANG_WARN_BOOL_CONVERSION = YES;
				CLANG_WARN_COMMA = YES;
				CLANG_WARN_CONSTANT_CONVERSION = YES;
				CLANG_WARN_DEPRECATED_OBJC_IMPLEMENTATIONS = YES;
				CLANG_WARN_DIRECT_OBJC_ISA_USAGE = YES_ERROR;
				CLANG_WARN_DOCUMENTATION_COMMENTS = YES;
				CLANG_WARN_EMPTY_BODY = YES;
				CLANG_WARN_ENUM_CONVERSION = YES;
				CLANG_WARN_INFINITE_RECURSION = YES;
				CLANG_WARN_INT_CONVERSION = YES;
				CLANG_WARN_NON_LITERAL_NULL_CONVERSION = YES;
				CLANG_WARN_OBJC_IMPLICIT_RETAIN_SELF = YES;
				CLANG_WARN_OBJC_LITERAL_CONVERSION = YES;
				CLANG_WARN_OBJC_ROOT_CLASS = YES_ERROR;
				CLANG_WARN_QUOTED_INCLUDE_IN_FRAMEWORK_HEADER = YES;
				CLANG_WARN_RANGE_LOOP_ANALYSIS = YES;
				CLANG_WARN_STRICT_PROTOTYPES = YES;
				CLANG_WARN_SUSPICIOUS_MOVE = YES;
				CLANG_WARN_UNGUARDED_AVAILABILITY = YES_AGGRESSIVE;
				CLANG_WARN_UNREACHABLE_CODE = YES;
				CLANG_WARN__DUPLICATE_METHOD_MATCH = YES;
				COPY_PHASE_STRIP = NO;
				DEBUG_INFORMATION_FORMAT = dwarf;
				ENABLE_STRICT_OBJC_MSGSEND = YES;
				ENABLE_TESTABILITY = YES;
				GCC_C_LANGUAGE_STANDARD = gnu11;
				GCC_DYNAMIC_NO_PIC = NO;
				GCC_NO_COMMON_BLOCKS = YES;
				GCC_OPTIMIZATION_LEVEL = 0;
				GCC_PREPROCESSOR_DEFINITIONS = (
					"DEBUG=1",
					"$(inherited)",
				);
				GCC_WARN_64_TO_32_BIT_CONVERSION = YES;
				GCC_WARN_ABOUT_RETURN_TYPE = YES_ERROR;
				GCC_WARN_UNDECLARED_SELECTOR = YES;
				GCC_WARN_UNINITIALIZED_AUTOS = YES_AGGRESSIVE;
				GCC_WARN_UNUSED_FUNCTION = YES;
				GCC_WARN_UNUSED_VARIABLE = YES;
				IPHONEOS_DEPLOYMENT_TARGET = 14.0;
				MTL_ENABLE_DEBUG_INFO = INCLUDE_SOURCE;
				MTL_FAST_MATH = YES;
				ONLY_ACTIVE_ARCH = YES;
				SDKROOT = iphoneos;
				SWIFT_ACTIVE_COMPILATION_CONDITIONS = DEBUG;
				SWIFT_OPTIMIZATION_LEVEL = "-Onone";
			};
			name = Debug;
		};
		12E07D912A909D1900A276DD /* Release */ = {
			isa = XCBuildConfiguration;
			buildSettings = {
				ALWAYS_SEARCH_USER_PATHS = NO;
				CLANG_ANALYZER_NONNULL = YES;
				CLANG_ANALYZER_NUMBER_OBJECT_CONVERSION = YES_AGGRESSIVE;
				CLANG_CXX_LANGUAGE_STANDARD = "gnu++20";
				CLANG_ENABLE_MODULES = YES;
				CLANG_ENABLE_OBJC_ARC = YES;
				CLANG_ENABLE_OBJC_WEAK = YES;
				CLANG_WARN_BLOCK_CAPTURE_AUTORELEASING = YES;
				CLANG_WARN_BOOL_CONVERSION = YES;
				CLANG_WARN_COMMA = YES;
				CLANG_WARN_CONSTANT_CONVERSION = YES;
				CLANG_WARN_DEPRECATED_OBJC_IMPLEMENTATIONS = YES;
				CLANG_WARN_DIRECT_OBJC_ISA_USAGE = YES_ERROR;
				CLANG_WARN_DOCUMENTATION_COMMENTS = YES;
				CLANG_WARN_EMPTY_BODY = YES;
				CLANG_WARN_ENUM_CONVERSION = YES;
				CLANG_WARN_INFINITE_RECURSION = YES;
				CLANG_WARN_INT_CONVERSION = YES;
				CLANG_WARN_NON_LITERAL_NULL_CONVERSION = YES;
				CLANG_WARN_OBJC_IMPLICIT_RETAIN_SELF = YES;
				CLANG_WARN_OBJC_LITERAL_CONVERSION = YES;
				CLANG_WARN_OBJC_ROOT_CLASS = YES_ERROR;
				CLANG_WARN_QUOTED_INCLUDE_IN_FRAMEWORK_HEADER = YES;
				CLANG_WARN_RANGE_LOOP_ANALYSIS = YES;
				CLANG_WARN_STRICT_PROTOTYPES = YES;
				CLANG_WARN_SUSPICIOUS_MOVE = YES;
				CLANG_WARN_UNGUARDED_AVAILABILITY = YES_AGGRESSIVE;
				CLANG_WARN_UNREACHABLE_CODE = YES;
				CLANG_WARN__DUPLICATE_METHOD_MATCH = YES;
				COPY_PHASE_STRIP = NO;
				DEBUG_INFORMATION_FORMAT = "dwarf-with-dsym";
				ENABLE_NS_ASSERTIONS = NO;
				ENABLE_STRICT_OBJC_MSGSEND = YES;
				GCC_C_LANGUAGE_STANDARD = gnu11;
				GCC_NO_COMMON_BLOCKS = YES;
				GCC_WARN_64_TO_32_BIT_CONVERSION = YES;
				GCC_WARN_ABOUT_RETURN_TYPE = YES_ERROR;
				GCC_WARN_UNDECLARED_SELECTOR = YES;
				GCC_WARN_UNINITIALIZED_AUTOS = YES_AGGRESSIVE;
				GCC_WARN_UNUSED_FUNCTION = YES;
				GCC_WARN_UNUSED_VARIABLE = YES;
				IPHONEOS_DEPLOYMENT_TARGET = 14.0;
				MTL_ENABLE_DEBUG_INFO = NO;
				MTL_FAST_MATH = YES;
				SDKROOT = iphoneos;
				SWIFT_COMPILATION_MODE = wholemodule;
				SWIFT_OPTIMIZATION_LEVEL = "-O";
				VALIDATE_PRODUCT = YES;
			};
			name = Release;
		};
		12E07D932A909D1900A276DD /* Debug */ = {
			isa = XCBuildConfiguration;
			buildSettings = {
				ASSETCATALOG_COMPILER_APPICON_NAME = AppIcon;
				ASSETCATALOG_COMPILER_GLOBAL_ACCENT_COLOR_NAME = AccentColor;
				CODE_SIGN_STYLE = Automatic;
				CURRENT_PROJECT_VERSION = 1;
				DEVELOPMENT_TEAM = 3W367PG52S;
				GENERATE_INFOPLIST_FILE = YES;
				INFOPLIST_FILE = CRM/Info.plist;
				INFOPLIST_KEY_UIApplicationSupportsIndirectInputEvents = YES;
				INFOPLIST_KEY_UILaunchStoryboardName = LaunchScreen;
				INFOPLIST_KEY_UIMainStoryboardFile = Main;
				INFOPLIST_KEY_UISupportedInterfaceOrientations_iPad = "UIInterfaceOrientationPortrait UIInterfaceOrientationPortraitUpsideDown UIInterfaceOrientationLandscapeLeft UIInterfaceOrientationLandscapeRight";
				INFOPLIST_KEY_UISupportedInterfaceOrientations_iPhone = "UIInterfaceOrientationPortrait UIInterfaceOrientationLandscapeLeft UIInterfaceOrientationLandscapeRight";
				LD_RUNPATH_SEARCH_PATHS = (
					"$(inherited)",
					"@executable_path/Frameworks",
				);
				MARKETING_VERSION = 1.0;
				PRODUCT_BUNDLE_IDENTIFIER = ru.aviaService.CRM;
				PRODUCT_NAME = "$(TARGET_NAME)";
				SWIFT_EMIT_LOC_STRINGS = YES;
				SWIFT_VERSION = 5.0;
				TARGETED_DEVICE_FAMILY = "1,2";
			};
			name = Debug;
		};
		12E07D942A909D1900A276DD /* Release */ = {
			isa = XCBuildConfiguration;
			buildSettings = {
				ASSETCATALOG_COMPILER_APPICON_NAME = AppIcon;
				ASSETCATALOG_COMPILER_GLOBAL_ACCENT_COLOR_NAME = AccentColor;
				CODE_SIGN_STYLE = Automatic;
				CURRENT_PROJECT_VERSION = 1;
				DEVELOPMENT_TEAM = 3W367PG52S;
				GENERATE_INFOPLIST_FILE = YES;
				INFOPLIST_FILE = CRM/Info.plist;
				INFOPLIST_KEY_UIApplicationSupportsIndirectInputEvents = YES;
				INFOPLIST_KEY_UILaunchStoryboardName = LaunchScreen;
				INFOPLIST_KEY_UIMainStoryboardFile = Main;
				INFOPLIST_KEY_UISupportedInterfaceOrientations_iPad = "UIInterfaceOrientationPortrait UIInterfaceOrientationPortraitUpsideDown UIInterfaceOrientationLandscapeLeft UIInterfaceOrientationLandscapeRight";
				INFOPLIST_KEY_UISupportedInterfaceOrientations_iPhone = "UIInterfaceOrientationPortrait UIInterfaceOrientationLandscapeLeft UIInterfaceOrientationLandscapeRight";
				LD_RUNPATH_SEARCH_PATHS = (
					"$(inherited)",
					"@executable_path/Frameworks",
				);
				MARKETING_VERSION = 1.0;
				PRODUCT_BUNDLE_IDENTIFIER = ru.aviaService.CRM;
				PRODUCT_NAME = "$(TARGET_NAME)";
				SWIFT_EMIT_LOC_STRINGS = YES;
				SWIFT_VERSION = 5.0;
				TARGETED_DEVICE_FAMILY = "1,2";
			};
			name = Release;
		};
/* End XCBuildConfiguration section */

/* Begin XCConfigurationList section */
		12E07D792A909D1700A276DD /* Build configuration list for PBXProject "CRM" */ = {
			isa = XCConfigurationList;
			buildConfigurations = (
				12E07D902A909D1900A276DD /* Debug */,
				12E07D912A909D1900A276DD /* Release */,
			);
			defaultConfigurationIsVisible = 0;
			defaultConfigurationName = Release;
		};
		12E07D922A909D1900A276DD /* Build configuration list for PBXNativeTarget "CRM" */ = {
			isa = XCConfigurationList;
			buildConfigurations = (
				12E07D932A909D1900A276DD /* Debug */,
				12E07D942A909D1900A276DD /* Release */,
			);
			defaultConfigurationIsVisible = 0;
			defaultConfigurationName = Release;
		};
/* End XCConfigurationList section */
	};
	rootObject = 12E07D762A909D1700A276DD /* Project object */;
}
